
Microsoft Visual Studio Solution File, Format Version 12.00
# Visual Studio Version 17
VisualStudioVersion = 17.2.32526.322
MinimumVisualStudioVersion = 10.0.40219.1
Project("{8BC9CEB8-8B4A-11D0-8D11-00A0C91BC942}") = "Bai001", "Bai001\Bai001.vcxproj", "{73A58BF2-4478-4C84-8EBD-8EE79ADF33C0}"
EndProject
Project("{8BC9CEB8-8B4A-11D0-8D11-00A0C91BC942}") = "Bai007", "Bai007\Bai007.vcxproj", "{3D8824A7-A190-401D-B3F1-A26FE8ABB097}"
EndProject
Project("{8BC9CEB8-8B4A-11D0-8D11-00A0C91BC942}") = "Bai013", "Bai013\Bai013.vcxproj", "{A4BAC402-910D-4BB8-B715-830C743EF1D8}"
EndProject
Project("{8BC9CEB8-8B4A-11D0-8D11-00A0C91BC942}") = "Bai019", "Bai019\Bai019.vcxproj", "{B1E1A0BC-4F18-4AC3-96EB-BF808943227C}"
EndProject
Project("{8BC9CEB8-8B4A-11D0-8D11-00A0C91BC942}") = "Bai025", "Bai025\Bai025.vcxproj", "{200E5B26-0E38-40EF-A95C-4080C7181DD3}"
EndProject
Project("{8BC9CEB8-8B4A-11D0-8D11-00A0C91BC942}") = "Bai031", "Bai031\Bai031.vcxproj", "{D0271ADE-9B79-4D5D-90F9-A158C70488EF}"
EndProject
Project("{8BC9CEB8-8B4A-11D0-8D11-00A0C91BC942}") = "Bai037", "Bai037\Bai037.vcxproj", "{75FC668A-8663-4F74-BC6C-A93BCF20F5CF}"
EndProject
Project("{8BC9CEB8-8B4A-11D0-8D11-00A0C91BC942}") = "Bai043", "Bai043\Bai043.vcxproj", "{E24A42D4-2476-4635-A5DA-830E3D8887B6}"
EndProject
Project("{8BC9CEB8-8B4A-11D0-8D11-00A0C91BC942}") = "Bai049", "Bai049\Bai049.vcxproj", "{90547B5D-A1C4-4A72-9A63-014721F40E42}"
EndProject
Project("{8BC9CEB8-8B4A-11D0-8D11-00A0C91BC942}") = "Bai055", "Bai055\Bai055.vcxproj", "{1908C51B-DA85-4C06-AA8C-BF139C4E841E}"
EndProject
Project("{8BC9CEB8-8B4A-11D0-8D11-00A0C91BC942}") = "Bai061", "Bai061\Bai061.vcxproj", "{3413FCDF-F07A-4A79-B753-5B0C63A83233}"
EndProject
Project("{8BC9CEB8-8B4A-11D0-8D11-00A0C91BC942}") = "Bai067", "Bai067\Bai067.vcxproj", "{685C029D-FABA-45D6-A31C-AA52ADEA7872}"
EndProject
Project("{8BC9CEB8-8B4A-11D0-8D11-00A0C91BC942}") = "Bai073", "Bai073\Bai073.vcxproj", "{D5B64BFE-BB9A-4573-8E16-2B4C88F927DB}"
EndProject
Project("{8BC9CEB8-8B4A-11D0-8D11-00A0C91BC942}") = "Bai004", "Bai004\Bai004.vcxproj", "{768768A2-B06E-427B-BB48-9919969C75CC}"
EndProject
Project("{8BC9CEB8-8B4A-11D0-8D11-00A0C91BC942}") = "Bai010", "Bai010\Bai010.vcxproj", "{660E0161-D321-4A13-9606-FFA6F92ACF06}"
EndProject
Project("{8BC9CEB8-8B4A-11D0-8D11-00A0C91BC942}") = "Bai016", "Bai016\Bai016.vcxproj", "{7BFF2512-F35E-4298-B8B8-08D070619ED5}"
EndProject
Project("{8BC9CEB8-8B4A-11D0-8D11-00A0C91BC942}") = "Bai022", "Bai022\Bai022.vcxproj", "{797C3F0C-DCF8-49EE-B134-AD4574C5325C}"
EndProject
Project("{8BC9CEB8-8B4A-11D0-8D11-00A0C91BC942}") = "Bai028", "Bai028\Bai028.vcxproj", "{1F760ED0-0AA7-4356-876F-D1B5A8F7D067}"
EndProject
Project("{8BC9CEB8-8B4A-11D0-8D11-00A0C91BC942}") = "Bai034", "Bai034\Bai034.vcxproj", "{220E6DAB-E4FD-494D-9778-9271C0D2D58A}"
EndProject
Project("{8BC9CEB8-8B4A-11D0-8D11-00A0C91BC942}") = "Bai040", "Bai040\Bai040.vcxproj", "{C423D937-F952-4374-AC78-A2DF3D6455F5}"
EndProject
Project("{8BC9CEB8-8B4A-11D0-8D11-00A0C91BC942}") = "Bai046", "Bai046\Bai046.vcxproj", "{146215F7-26CF-45F8-8B4A-640C45C5C412}"
EndProject
Project("{8BC9CEB8-8B4A-11D0-8D11-00A0C91BC942}") = "Bai052", "Bai052\Bai052.vcxproj", "{8B721408-F5E9-4411-BC9E-BB0324342EA8}"
EndProject
Project("{8BC9CEB8-8B4A-11D0-8D11-00A0C91BC942}") = "Bai058", "Bai058\Bai058.vcxproj", "{8E391319-2D27-4BD3-A905-3D960772FF6F}"
EndProject
Project("{8BC9CEB8-8B4A-11D0-8D11-00A0C91BC942}") = "Bai064", "Bai064\Bai064.vcxproj", "{A90B6774-D30E-497A-A3D5-63C1B9F7F18B}"
EndProject
Project("{8BC9CEB8-8B4A-11D0-8D11-00A0C91BC942}") = "Bai070", "Bai070\Bai070.vcxproj", "{21B8F61C-4E3A-4254-A986-A72A072D24BB}"
EndProject
Project("{8BC9CEB8-8B4A-11D0-8D11-00A0C91BC942}") = "Bai076", "Bai076\Bai076.vcxproj", "{61534B0F-A4BC-4FBB-BF3E-EF10AB783F8D}"
EndProject
Project("{8BC9CEB8-8B4A-11D0-8D11-00A0C91BC942}") = "Bai082", "Bai082\Bai082.vcxproj", "{286F25D6-3886-40A1-8EEA-40C74A707895}"
EndProject
Project("{8BC9CEB8-8B4A-11D0-8D11-00A0C91BC942}") = "Bai002", "Bai002\Bai002.vcxproj", "{7A719613-1D59-4BED-ABC6-36F1F7C98CB4}"
EndProject
Project("{8BC9CEB8-8B4A-11D0-8D11-00A0C91BC942}") = "Bai008", "Bai008\Bai008.vcxproj", "{4C392030-F699-4D40-9D4E-CB247F060B37}"
EndProject
Project("{8BC9CEB8-8B4A-11D0-8D11-00A0C91BC942}") = "Bai014", "Bai014\Bai014.vcxproj", "{B28856F4-A42A-4656-B42F-0BD64B886905}"
EndProject
Project("{8BC9CEB8-8B4A-11D0-8D11-00A0C91BC942}") = "Bai020", "Bai020\Bai020.vcxproj", "{9088F510-9089-4BC4-89FC-FCDF770196F8}"
EndProject
Project("{8BC9CEB8-8B4A-11D0-8D11-00A0C91BC942}") = "Bai026", "Bai026\Bai026.vcxproj", "{11AF7161-2D1B-4E13-9CCC-5C522C99ECCE}"
EndProject
Project("{8BC9CEB8-8B4A-11D0-8D11-00A0C91BC942}") = "Bai032", "Bai032\Bai032.vcxproj", "{54B72EDF-6BA5-44E4-8933-382EF7CBE3DD}"
EndProject
Project("{8BC9CEB8-8B4A-11D0-8D11-00A0C91BC942}") = "Bai038", "Bai038\Bai038.vcxproj", "{9191E716-F19D-4AE2-B38A-597C7600CB78}"
EndProject
Project("{8BC9CEB8-8B4A-11D0-8D11-00A0C91BC942}") = "Bai050", "Bai050\Bai050.vcxproj", "{8B47EDF6-7B0F-4463-B5F2-9D47D106E1F4}"
EndProject
Project("{8BC9CEB8-8B4A-11D0-8D11-00A0C91BC942}") = "Bai056", "Bai056\Bai056.vcxproj", "{DB376B1C-C219-474C-AE5E-B18D52FAA5A0}"
EndProject
Project("{8BC9CEB8-8B4A-11D0-8D11-00A0C91BC942}") = "Bai044", "Bai044\Bai044.vcxproj", "{A32C22CF-7C4B-4D6B-A903-591A16C7419F}"
EndProject
Project("{8BC9CEB8-8B4A-11D0-8D11-00A0C91BC942}") = "Bai062", "Bai062\Bai062.vcxproj", "{B909985F-0C32-4D42-B01F-3CD9B0DC41F6}"
EndProject
Project("{8BC9CEB8-8B4A-11D0-8D11-00A0C91BC942}") = "Bai068", "Bai068\Bai068.vcxproj", "{2241F242-0BEF-4982-83A4-10B67230DE58}"
EndProject
Project("{8BC9CEB8-8B4A-11D0-8D11-00A0C91BC942}") = "Bai074", "Bai074\Bai074.vcxproj", "{1FAEB586-76E1-4B11-BAD4-83A89C1DB66E}"
EndProject
Project("{8BC9CEB8-8B4A-11D0-8D11-00A0C91BC942}") = "Bai080", "Bai080\Bai080.vcxproj", "{7E92842C-043D-463B-BA2F-5C2EADDEB40D}"
EndProject
Project("{8BC9CEB8-8B4A-11D0-8D11-00A0C91BC942}") = "Bai086", "Bai086\Bai086.vcxproj", "{578F2E97-7DCE-497F-8B27-DE6290621AE3}"
EndProject
Project("{8BC9CEB8-8B4A-11D0-8D11-00A0C91BC942}") = "Bai092", "Bai092\Bai092.vcxproj", "{BD0A776F-C1E7-4C86-B5D5-F65BD98DF8E3}"
EndProject
Project("{8BC9CEB8-8B4A-11D0-8D11-00A0C91BC942}") = "Bai098", "Bai098\Bai098.vcxproj", "{E207FAFF-12BE-4C01-8328-F35B9BE15D25}"
EndProject
Project("{8BC9CEB8-8B4A-11D0-8D11-00A0C91BC942}") = "Bai104", "Bai104\Bai104.vcxproj", "{82B83255-2A68-4F11-8591-522C50BF0CD9}"
EndProject
Project("{8BC9CEB8-8B4A-11D0-8D11-00A0C91BC942}") = "Bai110", "Bai110\Bai110.vcxproj", "{E8D6816D-2EC9-4297-907C-33F1A7B44980}"
EndProject
Project("{8BC9CEB8-8B4A-11D0-8D11-00A0C91BC942}") = "Bai116", "Bai116\Bai116.vcxproj", "{021A4561-9F67-4E7E-8A7C-4348F76FD41A}"
EndProject
Project("{8BC9CEB8-8B4A-11D0-8D11-00A0C91BC942}") = "Bai122", "Bai122\Bai122.vcxproj", "{6497F3D7-9088-450B-8C18-72A20018565E}"
EndProject
Project("{8BC9CEB8-8B4A-11D0-8D11-00A0C91BC942}") = "Bai128", "Bai128\Bai128.vcxproj", "{EE3B1A16-AB50-4BED-8022-E08F8EE61F7B}"
EndProject
Project("{8BC9CEB8-8B4A-11D0-8D11-00A0C91BC942}") = "Bai134", "Bai134\Bai134.vcxproj", "{9EB7911F-3940-478F-840C-54D81A2E9E1A}"
EndProject
Project("{8BC9CEB8-8B4A-11D0-8D11-00A0C91BC942}") = "Bai140", "Bai140\Bai140.vcxproj", "{62F44853-7C3E-40BE-8706-CFAA483D675F}"
EndProject
Project("{8BC9CEB8-8B4A-11D0-8D11-00A0C91BC942}") = "Bai146", "Bai146\Bai146.vcxproj", "{9FAD8C6A-6C5F-4082-B984-462236151001}"
EndProject
Project("{8BC9CEB8-8B4A-11D0-8D11-00A0C91BC942}") = "Bai152", "Bai152\Bai152.vcxproj", "{7F0CBD1A-EBD7-4546-9714-10F9A87E67E6}"
EndProject
Project("{8BC9CEB8-8B4A-11D0-8D11-00A0C91BC942}") = "Bai158", "Bai158\Bai158.vcxproj", "{4997D665-0C61-4161-9956-A314F45A7A4F}"
EndProject
Project("{8BC9CEB8-8B4A-11D0-8D11-00A0C91BC942}") = "Bai164", "Bai164\Bai164.vcxproj", "{83215971-19A5-4E76-84BE-57C0150BCB6D}"
EndProject
Project("{8BC9CEB8-8B4A-11D0-8D11-00A0C91BC942}") = "Bai170", "Bai170\Bai170.vcxproj", "{D1A6836A-BB91-4B42-8A68-86DA99B3C622}"
EndProject
Project("{8BC9CEB8-8B4A-11D0-8D11-00A0C91BC942}") = "Bai176", "Bai176\Bai176.vcxproj", "{C43D2B7C-00A4-4013-81C4-5F8FA700E111}"
EndProject
Project("{8BC9CEB8-8B4A-11D0-8D11-00A0C91BC942}") = "Bai182", "Bai182\Bai182.vcxproj", "{320CDD37-B7B3-4132-9F2E-DF6183BCFDAC}"
EndProject
Project("{8BC9CEB8-8B4A-11D0-8D11-00A0C91BC942}") = "Bai188", "Bai188\Bai188.vcxproj", "{61C980BC-D623-4011-83A4-D0EFA16034F3}"
EndProject
Project("{8BC9CEB8-8B4A-11D0-8D11-00A0C91BC942}") = "Bai079", "Bai079\Bai079.vcxproj", "{50DA8466-3010-4A28-AD9A-B0578152E5E3}"
EndProject
Project("{8BC9CEB8-8B4A-11D0-8D11-00A0C91BC942}") = "Bai085", "Bai085\Bai085.vcxproj", "{56D5E676-63E0-4A02-A0A4-A70EC922E735}"
EndProject
Project("{8BC9CEB8-8B4A-11D0-8D11-00A0C91BC942}") = "Bai091", "Bai091\Bai091.vcxproj", "{3F09506D-DCC1-4477-80FD-54CA5806A65F}"
EndProject
Project("{8BC9CEB8-8B4A-11D0-8D11-00A0C91BC942}") = "Bai097", "Bai097\Bai097.vcxproj", "{18D5DE57-5975-4381-A10C-0B1891526F04}"
EndProject
Project("{8BC9CEB8-8B4A-11D0-8D11-00A0C91BC942}") = "Bai103", "Bai103\Bai103.vcxproj", "{95F04F8C-83E8-4916-BEE5-AF6B60A211AA}"
EndProject
Project("{8BC9CEB8-8B4A-11D0-8D11-00A0C91BC942}") = "Bai109", "Bai109\Bai109.vcxproj", "{1E57223F-95BB-46BE-9439-37094F7F043F}"
EndProject
Project("{8BC9CEB8-8B4A-11D0-8D11-00A0C91BC942}") = "Bai115", "Bai115\Bai115.vcxproj", "{9DF95D24-D606-4181-868A-128E8552F88A}"
EndProject
Project("{8BC9CEB8-8B4A-11D0-8D11-00A0C91BC942}") = "Bai121", "Bai121\Bai121.vcxproj", "{46BF5B27-D6C1-4099-A845-5307F3694B21}"
EndProject
Project("{8BC9CEB8-8B4A-11D0-8D11-00A0C91BC942}") = "Bai127", "Bai127\Bai127.vcxproj", "{E67D4761-7C4F-4D22-A36D-EFD5BAAC7364}"
EndProject
Project("{8BC9CEB8-8B4A-11D0-8D11-00A0C91BC942}") = "Bai133", "Bai133\Bai133.vcxproj", "{7BE22EEB-BEDF-4E3E-B628-EC9246425A74}"
EndProject
Project("{8BC9CEB8-8B4A-11D0-8D11-00A0C91BC942}") = "Bai139", "Bai139\Bai139.vcxproj", "{869AC939-ADA6-4EC6-BDA2-E63C91011A11}"
EndProject
Project("{8BC9CEB8-8B4A-11D0-8D11-00A0C91BC942}") = "Bai145", "Bai145\Bai145.vcxproj", "{3B5371DB-62E0-4D45-9731-B9E13AB62F80}"
EndProject
Project("{8BC9CEB8-8B4A-11D0-8D11-00A0C91BC942}") = "Bai006", "Bai006\Bai006.vcxproj", "{D1E0F497-E068-4ADB-A07D-71344D0B2BCC}"
EndProject
Project("{8BC9CEB8-8B4A-11D0-8D11-00A0C91BC942}") = "Bai012", "Bai012\Bai012.vcxproj", "{1969F90F-9A0E-40A6-99C9-2761C56FD369}"
EndProject
Project("{8BC9CEB8-8B4A-11D0-8D11-00A0C91BC942}") = "Bai018", "Bai018\Bai018.vcxproj", "{D656FB4F-C9D8-4804-B079-789EDF23A6F6}"
EndProject
Project("{8BC9CEB8-8B4A-11D0-8D11-00A0C91BC942}") = "Bai024", "Bai024\Bai024.vcxproj", "{833BF07B-BC5C-4C96-BD8D-60AB1616A715}"
EndProject
Project("{8BC9CEB8-8B4A-11D0-8D11-00A0C91BC942}") = "Bai030", "Bai030\Bai030.vcxproj", "{6E4EF599-DB29-455F-9F7D-0A48F022BD89}"
EndProject
Project("{8BC9CEB8-8B4A-11D0-8D11-00A0C91BC942}") = "Bai036", "Bai036\Bai036.vcxproj", "{FAD0602F-64A6-4184-B244-215C827C29DC}"
EndProject
Project("{8BC9CEB8-8B4A-11D0-8D11-00A0C91BC942}") = "Bai042", "Bai042\Bai042.vcxproj", "{FA1D1601-7B7D-4C3F-AD47-71AA5F40CD16}"
EndProject
Project("{8BC9CEB8-8B4A-11D0-8D11-00A0C91BC942}") = "Bai048", "Bai048\Bai048.vcxproj", "{2795A100-A045-49B9-80AC-C15B73A66EE5}"
EndProject
Project("{8BC9CEB8-8B4A-11D0-8D11-00A0C91BC942}") = "Bai054", "Bai054\Bai054.vcxproj", "{5CD0DA01-5606-46AE-9C68-6B930D2505FF}"
EndProject
Project("{8BC9CEB8-8B4A-11D0-8D11-00A0C91BC942}") = "Bai060", "Bai060\Bai060.vcxproj", "{84D6743B-62CB-42D4-8C19-658CD71FAC2B}"
EndProject
Project("{8BC9CEB8-8B4A-11D0-8D11-00A0C91BC942}") = "Bai066", "Bai066\Bai066.vcxproj", "{BECA4661-8E1D-44BC-98FC-5364F1EBF976}"
EndProject
Project("{8BC9CEB8-8B4A-11D0-8D11-00A0C91BC942}") = "Bai072", "Bai072\Bai072.vcxproj", "{2D8D484F-2001-4E86-BF2F-D9D56DB0A772}"
EndProject
Project("{8BC9CEB8-8B4A-11D0-8D11-00A0C91BC942}") = "Bai078", "Bai078\Bai078.vcxproj", "{2B1C01FD-9DD6-4C93-8E12-B75D18E48AC5}"
EndProject
Project("{8BC9CEB8-8B4A-11D0-8D11-00A0C91BC942}") = "Bai084", "Bai084\Bai084.vcxproj", "{6B3332A4-E158-422F-84E5-577978678AB5}"
EndProject
Project("{8BC9CEB8-8B4A-11D0-8D11-00A0C91BC942}") = "Bai090", "Bai090\Bai090.vcxproj", "{C466A83B-EC3A-4406-96DD-B09674098534}"
EndProject
Project("{8BC9CEB8-8B4A-11D0-8D11-00A0C91BC942}") = "Bai096", "Bai096\Bai096.vcxproj", "{70B08A27-8C86-488C-9E05-1C6E6E6F185D}"
EndProject
Project("{8BC9CEB8-8B4A-11D0-8D11-00A0C91BC942}") = "Bai102", "Bai102\Bai102.vcxproj", "{0543578E-52D2-49F8-93B7-E5BE817A6EAC}"
EndProject
Project("{8BC9CEB8-8B4A-11D0-8D11-00A0C91BC942}") = "Bai108", "Bai108\Bai108.vcxproj", "{5AB66986-497E-4C66-A00E-AE293B1B2D9F}"
EndProject
Project("{8BC9CEB8-8B4A-11D0-8D11-00A0C91BC942}") = "Bai114", "Bai114\Bai114.vcxproj", "{DBD89D26-824F-4700-95CE-2517BF3F6E0D}"
EndProject
Project("{8BC9CEB8-8B4A-11D0-8D11-00A0C91BC942}") = "Bai120", "Bai120\Bai120.vcxproj", "{21A18ED5-178A-4354-BD2B-008CFF8B1EAF}"
EndProject
Project("{8BC9CEB8-8B4A-11D0-8D11-00A0C91BC942}") = "Bai126", "Bai126\Bai126.vcxproj", "{224C67D6-8806-4A1A-9C15-DABA356A06A7}"
EndProject
Project("{8BC9CEB8-8B4A-11D0-8D11-00A0C91BC942}") = "Bai132", "Bai132\Bai132.vcxproj", "{6A917EEF-1B44-4AF5-B117-8596477DAD58}"
EndProject
Project("{8BC9CEB8-8B4A-11D0-8D11-00A0C91BC942}") = "Bai138", "Bai138\Bai138.vcxproj", "{58F4A948-7F61-46DA-93E2-01E575A21D35}"
EndProject
Project("{8BC9CEB8-8B4A-11D0-8D11-00A0C91BC942}") = "Bai144", "Bai144\Bai144.vcxproj", "{07DEF136-7472-4858-BC62-46FA44DB035E}"
EndProject
Project("{8BC9CEB8-8B4A-11D0-8D11-00A0C91BC942}") = "Bai150", "Bai150\Bai150.vcxproj", "{8806A8DA-B2F8-4E9F-ADAC-BF70D5DDABF7}"
EndProject
Project("{8BC9CEB8-8B4A-11D0-8D11-00A0C91BC942}") = "Bai156", "Bai156\Bai156.vcxproj", "{88C28832-65F2-4320-9BA5-CB49DAF45088}"
EndProject
Project("{8BC9CEB8-8B4A-11D0-8D11-00A0C91BC942}") = "Bai162", "Bai162\Bai162.vcxproj", "{1C1179F6-EDC9-4D40-BC0F-EFD0C1485430}"
EndProject
Project("{8BC9CEB8-8B4A-11D0-8D11-00A0C91BC942}") = "Bai168", "Bai168\Bai168.vcxproj", "{C97FCB43-374A-41B6-A6E1-3552ECE54A5A}"
EndProject
Project("{8BC9CEB8-8B4A-11D0-8D11-00A0C91BC942}") = "Bai174", "Bai174\Bai174.vcxproj", "{C850431F-933A-4383-8982-E6940D3E12D2}"
EndProject
Project("{8BC9CEB8-8B4A-11D0-8D11-00A0C91BC942}") = "Bai180", "Bai180\Bai180.vcxproj", "{E5A42362-FA1E-4A95-A657-950BD419E703}"
EndProject
Project("{8BC9CEB8-8B4A-11D0-8D11-00A0C91BC942}") = "Bai186", "Bai186\Bai186.vcxproj", "{447CBA5D-9DDD-4B9C-880B-93D51703AB94}"
EndProject
Global
	GlobalSection(SolutionConfigurationPlatforms) = preSolution
		Debug|x64 = Debug|x64
		Debug|x86 = Debug|x86
		Release|x64 = Release|x64
		Release|x86 = Release|x86
	EndGlobalSection
	GlobalSection(ProjectConfigurationPlatforms) = postSolution
		{73A58BF2-4478-4C84-8EBD-8EE79ADF33C0}.Debug|x64.ActiveCfg = Debug|x64
		{73A58BF2-4478-4C84-8EBD-8EE79ADF33C0}.Debug|x64.Build.0 = Debug|x64
		{73A58BF2-4478-4C84-8EBD-8EE79ADF33C0}.Debug|x86.ActiveCfg = Debug|Win32
		{73A58BF2-4478-4C84-8EBD-8EE79ADF33C0}.Debug|x86.Build.0 = Debug|Win32
		{73A58BF2-4478-4C84-8EBD-8EE79ADF33C0}.Release|x64.ActiveCfg = Release|x64
		{73A58BF2-4478-4C84-8EBD-8EE79ADF33C0}.Release|x64.Build.0 = Release|x64
		{73A58BF2-4478-4C84-8EBD-8EE79ADF33C0}.Release|x86.ActiveCfg = Release|Win32
		{73A58BF2-4478-4C84-8EBD-8EE79ADF33C0}.Release|x86.Build.0 = Release|Win32
		{3D8824A7-A190-401D-B3F1-A26FE8ABB097}.Debug|x64.ActiveCfg = Debug|x64
		{3D8824A7-A190-401D-B3F1-A26FE8ABB097}.Debug|x64.Build.0 = Debug|x64
		{3D8824A7-A190-401D-B3F1-A26FE8ABB097}.Debug|x86.ActiveCfg = Debug|Win32
		{3D8824A7-A190-401D-B3F1-A26FE8ABB097}.Debug|x86.Build.0 = Debug|Win32
		{3D8824A7-A190-401D-B3F1-A26FE8ABB097}.Release|x64.ActiveCfg = Release|x64
		{3D8824A7-A190-401D-B3F1-A26FE8ABB097}.Release|x64.Build.0 = Release|x64
		{3D8824A7-A190-401D-B3F1-A26FE8ABB097}.Release|x86.ActiveCfg = Release|Win32
		{3D8824A7-A190-401D-B3F1-A26FE8ABB097}.Release|x86.Build.0 = Release|Win32
		{A4BAC402-910D-4BB8-B715-830C743EF1D8}.Debug|x64.ActiveCfg = Debug|x64
		{A4BAC402-910D-4BB8-B715-830C743EF1D8}.Debug|x64.Build.0 = Debug|x64
		{A4BAC402-910D-4BB8-B715-830C743EF1D8}.Debug|x86.ActiveCfg = Debug|Win32
		{A4BAC402-910D-4BB8-B715-830C743EF1D8}.Debug|x86.Build.0 = Debug|Win32
		{A4BAC402-910D-4BB8-B715-830C743EF1D8}.Release|x64.ActiveCfg = Release|x64
		{A4BAC402-910D-4BB8-B715-830C743EF1D8}.Release|x64.Build.0 = Release|x64
		{A4BAC402-910D-4BB8-B715-830C743EF1D8}.Release|x86.ActiveCfg = Release|Win32
		{A4BAC402-910D-4BB8-B715-830C743EF1D8}.Release|x86.Build.0 = Release|Win32
		{B1E1A0BC-4F18-4AC3-96EB-BF808943227C}.Debug|x64.ActiveCfg = Debug|x64
		{B1E1A0BC-4F18-4AC3-96EB-BF808943227C}.Debug|x64.Build.0 = Debug|x64
		{B1E1A0BC-4F18-4AC3-96EB-BF808943227C}.Debug|x86.ActiveCfg = Debug|Win32
		{B1E1A0BC-4F18-4AC3-96EB-BF808943227C}.Debug|x86.Build.0 = Debug|Win32
		{B1E1A0BC-4F18-4AC3-96EB-BF808943227C}.Release|x64.ActiveCfg = Release|x64
		{B1E1A0BC-4F18-4AC3-96EB-BF808943227C}.Release|x64.Build.0 = Release|x64
		{B1E1A0BC-4F18-4AC3-96EB-BF808943227C}.Release|x86.ActiveCfg = Release|Win32
		{B1E1A0BC-4F18-4AC3-96EB-BF808943227C}.Release|x86.Build.0 = Release|Win32
		{200E5B26-0E38-40EF-A95C-4080C7181DD3}.Debug|x64.ActiveCfg = Debug|x64
		{200E5B26-0E38-40EF-A95C-4080C7181DD3}.Debug|x64.Build.0 = Debug|x64
		{200E5B26-0E38-40EF-A95C-4080C7181DD3}.Debug|x86.ActiveCfg = Debug|Win32
		{200E5B26-0E38-40EF-A95C-4080C7181DD3}.Debug|x86.Build.0 = Debug|Win32
		{200E5B26-0E38-40EF-A95C-4080C7181DD3}.Release|x64.ActiveCfg = Release|x64
		{200E5B26-0E38-40EF-A95C-4080C7181DD3}.Release|x64.Build.0 = Release|x64
		{200E5B26-0E38-40EF-A95C-4080C7181DD3}.Release|x86.ActiveCfg = Release|Win32
		{200E5B26-0E38-40EF-A95C-4080C7181DD3}.Release|x86.Build.0 = Release|Win32
		{D0271ADE-9B79-4D5D-90F9-A158C70488EF}.Debug|x64.ActiveCfg = Debug|x64
		{D0271ADE-9B79-4D5D-90F9-A158C70488EF}.Debug|x64.Build.0 = Debug|x64
		{D0271ADE-9B79-4D5D-90F9-A158C70488EF}.Debug|x86.ActiveCfg = Debug|Win32
		{D0271ADE-9B79-4D5D-90F9-A158C70488EF}.Debug|x86.Build.0 = Debug|Win32
		{D0271ADE-9B79-4D5D-90F9-A158C70488EF}.Release|x64.ActiveCfg = Release|x64
		{D0271ADE-9B79-4D5D-90F9-A158C70488EF}.Release|x64.Build.0 = Release|x64
		{D0271ADE-9B79-4D5D-90F9-A158C70488EF}.Release|x86.ActiveCfg = Release|Win32
		{D0271ADE-9B79-4D5D-90F9-A158C70488EF}.Release|x86.Build.0 = Release|Win32
		{75FC668A-8663-4F74-BC6C-A93BCF20F5CF}.Debug|x64.ActiveCfg = Debug|x64
		{75FC668A-8663-4F74-BC6C-A93BCF20F5CF}.Debug|x64.Build.0 = Debug|x64
		{75FC668A-8663-4F74-BC6C-A93BCF20F5CF}.Debug|x86.ActiveCfg = Debug|Win32
		{75FC668A-8663-4F74-BC6C-A93BCF20F5CF}.Debug|x86.Build.0 = Debug|Win32
		{75FC668A-8663-4F74-BC6C-A93BCF20F5CF}.Release|x64.ActiveCfg = Release|x64
		{75FC668A-8663-4F74-BC6C-A93BCF20F5CF}.Release|x64.Build.0 = Release|x64
		{75FC668A-8663-4F74-BC6C-A93BCF20F5CF}.Release|x86.ActiveCfg = Release|Win32
		{75FC668A-8663-4F74-BC6C-A93BCF20F5CF}.Release|x86.Build.0 = Release|Win32
		{E24A42D4-2476-4635-A5DA-830E3D8887B6}.Debug|x64.ActiveCfg = Debug|x64
		{E24A42D4-2476-4635-A5DA-830E3D8887B6}.Debug|x64.Build.0 = Debug|x64
		{E24A42D4-2476-4635-A5DA-830E3D8887B6}.Debug|x86.ActiveCfg = Debug|Win32
		{E24A42D4-2476-4635-A5DA-830E3D8887B6}.Debug|x86.Build.0 = Debug|Win32
		{E24A42D4-2476-4635-A5DA-830E3D8887B6}.Release|x64.ActiveCfg = Release|x64
		{E24A42D4-2476-4635-A5DA-830E3D8887B6}.Release|x64.Build.0 = Release|x64
		{E24A42D4-2476-4635-A5DA-830E3D8887B6}.Release|x86.ActiveCfg = Release|Win32
		{E24A42D4-2476-4635-A5DA-830E3D8887B6}.Release|x86.Build.0 = Release|Win32
		{90547B5D-A1C4-4A72-9A63-014721F40E42}.Debug|x64.ActiveCfg = Debug|x64
		{90547B5D-A1C4-4A72-9A63-014721F40E42}.Debug|x64.Build.0 = Debug|x64
		{90547B5D-A1C4-4A72-9A63-014721F40E42}.Debug|x86.ActiveCfg = Debug|Win32
		{90547B5D-A1C4-4A72-9A63-014721F40E42}.Debug|x86.Build.0 = Debug|Win32
		{90547B5D-A1C4-4A72-9A63-014721F40E42}.Release|x64.ActiveCfg = Release|x64
		{90547B5D-A1C4-4A72-9A63-014721F40E42}.Release|x64.Build.0 = Release|x64
		{90547B5D-A1C4-4A72-9A63-014721F40E42}.Release|x86.ActiveCfg = Release|Win32
		{90547B5D-A1C4-4A72-9A63-014721F40E42}.Release|x86.Build.0 = Release|Win32
		{1908C51B-DA85-4C06-AA8C-BF139C4E841E}.Debug|x64.ActiveCfg = Debug|x64
		{1908C51B-DA85-4C06-AA8C-BF139C4E841E}.Debug|x64.Build.0 = Debug|x64
		{1908C51B-DA85-4C06-AA8C-BF139C4E841E}.Debug|x86.ActiveCfg = Debug|Win32
		{1908C51B-DA85-4C06-AA8C-BF139C4E841E}.Debug|x86.Build.0 = Debug|Win32
		{1908C51B-DA85-4C06-AA8C-BF139C4E841E}.Release|x64.ActiveCfg = Release|x64
		{1908C51B-DA85-4C06-AA8C-BF139C4E841E}.Release|x64.Build.0 = Release|x64
		{1908C51B-DA85-4C06-AA8C-BF139C4E841E}.Release|x86.ActiveCfg = Release|Win32
		{1908C51B-DA85-4C06-AA8C-BF139C4E841E}.Release|x86.Build.0 = Release|Win32
		{3413FCDF-F07A-4A79-B753-5B0C63A83233}.Debug|x64.ActiveCfg = Debug|x64
		{3413FCDF-F07A-4A79-B753-5B0C63A83233}.Debug|x64.Build.0 = Debug|x64
		{3413FCDF-F07A-4A79-B753-5B0C63A83233}.Debug|x86.ActiveCfg = Debug|Win32
		{3413FCDF-F07A-4A79-B753-5B0C63A83233}.Debug|x86.Build.0 = Debug|Win32
		{3413FCDF-F07A-4A79-B753-5B0C63A83233}.Release|x64.ActiveCfg = Release|x64
		{3413FCDF-F07A-4A79-B753-5B0C63A83233}.Release|x64.Build.0 = Release|x64
		{3413FCDF-F07A-4A79-B753-5B0C63A83233}.Release|x86.ActiveCfg = Release|Win32
		{3413FCDF-F07A-4A79-B753-5B0C63A83233}.Release|x86.Build.0 = Release|Win32
		{685C029D-FABA-45D6-A31C-AA52ADEA7872}.Debug|x64.ActiveCfg = Debug|x64
		{685C029D-FABA-45D6-A31C-AA52ADEA7872}.Debug|x64.Build.0 = Debug|x64
		{685C029D-FABA-45D6-A31C-AA52ADEA7872}.Debug|x86.ActiveCfg = Debug|Win32
		{685C029D-FABA-45D6-A31C-AA52ADEA7872}.Debug|x86.Build.0 = Debug|Win32
		{685C029D-FABA-45D6-A31C-AA52ADEA7872}.Release|x64.ActiveCfg = Release|x64
		{685C029D-FABA-45D6-A31C-AA52ADEA7872}.Release|x64.Build.0 = Release|x64
		{685C029D-FABA-45D6-A31C-AA52ADEA7872}.Release|x86.ActiveCfg = Release|Win32
		{685C029D-FABA-45D6-A31C-AA52ADEA7872}.Release|x86.Build.0 = Release|Win32
		{D5B64BFE-BB9A-4573-8E16-2B4C88F927DB}.Debug|x64.ActiveCfg = Debug|x64
		{D5B64BFE-BB9A-4573-8E16-2B4C88F927DB}.Debug|x64.Build.0 = Debug|x64
		{D5B64BFE-BB9A-4573-8E16-2B4C88F927DB}.Debug|x86.ActiveCfg = Debug|Win32
		{D5B64BFE-BB9A-4573-8E16-2B4C88F927DB}.Debug|x86.Build.0 = Debug|Win32
		{D5B64BFE-BB9A-4573-8E16-2B4C88F927DB}.Release|x64.ActiveCfg = Release|x64
		{D5B64BFE-BB9A-4573-8E16-2B4C88F927DB}.Release|x64.Build.0 = Release|x64
		{D5B64BFE-BB9A-4573-8E16-2B4C88F927DB}.Release|x86.ActiveCfg = Release|Win32
		{D5B64BFE-BB9A-4573-8E16-2B4C88F927DB}.Release|x86.Build.0 = Release|Win32
		{768768A2-B06E-427B-BB48-9919969C75CC}.Debug|x64.ActiveCfg = Debug|x64
		{768768A2-B06E-427B-BB48-9919969C75CC}.Debug|x64.Build.0 = Debug|x64
		{768768A2-B06E-427B-BB48-9919969C75CC}.Debug|x86.ActiveCfg = Debug|Win32
		{768768A2-B06E-427B-BB48-9919969C75CC}.Debug|x86.Build.0 = Debug|Win32
		{768768A2-B06E-427B-BB48-9919969C75CC}.Release|x64.ActiveCfg = Release|x64
		{768768A2-B06E-427B-BB48-9919969C75CC}.Release|x64.Build.0 = Release|x64
		{768768A2-B06E-427B-BB48-9919969C75CC}.Release|x86.ActiveCfg = Release|Win32
		{768768A2-B06E-427B-BB48-9919969C75CC}.Release|x86.Build.0 = Release|Win32
		{660E0161-D321-4A13-9606-FFA6F92ACF06}.Debug|x64.ActiveCfg = Debug|x64
		{660E0161-D321-4A13-9606-FFA6F92ACF06}.Debug|x64.Build.0 = Debug|x64
		{660E0161-D321-4A13-9606-FFA6F92ACF06}.Debug|x86.ActiveCfg = Debug|Win32
		{660E0161-D321-4A13-9606-FFA6F92ACF06}.Debug|x86.Build.0 = Debug|Win32
		{660E0161-D321-4A13-9606-FFA6F92ACF06}.Release|x64.ActiveCfg = Release|x64
		{660E0161-D321-4A13-9606-FFA6F92ACF06}.Release|x64.Build.0 = Release|x64
		{660E0161-D321-4A13-9606-FFA6F92ACF06}.Release|x86.ActiveCfg = Release|Win32
		{660E0161-D321-4A13-9606-FFA6F92ACF06}.Release|x86.Build.0 = Release|Win32
		{7BFF2512-F35E-4298-B8B8-08D070619ED5}.Debug|x64.ActiveCfg = Debug|x64
		{7BFF2512-F35E-4298-B8B8-08D070619ED5}.Debug|x64.Build.0 = Debug|x64
		{7BFF2512-F35E-4298-B8B8-08D070619ED5}.Debug|x86.ActiveCfg = Debug|Win32
		{7BFF2512-F35E-4298-B8B8-08D070619ED5}.Debug|x86.Build.0 = Debug|Win32
		{7BFF2512-F35E-4298-B8B8-08D070619ED5}.Release|x64.ActiveCfg = Release|x64
		{7BFF2512-F35E-4298-B8B8-08D070619ED5}.Release|x64.Build.0 = Release|x64
		{7BFF2512-F35E-4298-B8B8-08D070619ED5}.Release|x86.ActiveCfg = Release|Win32
		{7BFF2512-F35E-4298-B8B8-08D070619ED5}.Release|x86.Build.0 = Release|Win32
		{797C3F0C-DCF8-49EE-B134-AD4574C5325C}.Debug|x64.ActiveCfg = Debug|x64
		{797C3F0C-DCF8-49EE-B134-AD4574C5325C}.Debug|x64.Build.0 = Debug|x64
		{797C3F0C-DCF8-49EE-B134-AD4574C5325C}.Debug|x86.ActiveCfg = Debug|Win32
		{797C3F0C-DCF8-49EE-B134-AD4574C5325C}.Debug|x86.Build.0 = Debug|Win32
		{797C3F0C-DCF8-49EE-B134-AD4574C5325C}.Release|x64.ActiveCfg = Release|x64
		{797C3F0C-DCF8-49EE-B134-AD4574C5325C}.Release|x64.Build.0 = Release|x64
		{797C3F0C-DCF8-49EE-B134-AD4574C5325C}.Release|x86.ActiveCfg = Release|Win32
		{797C3F0C-DCF8-49EE-B134-AD4574C5325C}.Release|x86.Build.0 = Release|Win32
		{1F760ED0-0AA7-4356-876F-D1B5A8F7D067}.Debug|x64.ActiveCfg = Debug|x64
		{1F760ED0-0AA7-4356-876F-D1B5A8F7D067}.Debug|x64.Build.0 = Debug|x64
		{1F760ED0-0AA7-4356-876F-D1B5A8F7D067}.Debug|x86.ActiveCfg = Debug|Win32
		{1F760ED0-0AA7-4356-876F-D1B5A8F7D067}.Debug|x86.Build.0 = Debug|Win32
		{1F760ED0-0AA7-4356-876F-D1B5A8F7D067}.Release|x64.ActiveCfg = Release|x64
		{1F760ED0-0AA7-4356-876F-D1B5A8F7D067}.Release|x64.Build.0 = Release|x64
		{1F760ED0-0AA7-4356-876F-D1B5A8F7D067}.Release|x86.ActiveCfg = Release|Win32
		{1F760ED0-0AA7-4356-876F-D1B5A8F7D067}.Release|x86.Build.0 = Release|Win32
		{220E6DAB-E4FD-494D-9778-9271C0D2D58A}.Debug|x64.ActiveCfg = Debug|x64
		{220E6DAB-E4FD-494D-9778-9271C0D2D58A}.Debug|x64.Build.0 = Debug|x64
		{220E6DAB-E4FD-494D-9778-9271C0D2D58A}.Debug|x86.ActiveCfg = Debug|Win32
		{220E6DAB-E4FD-494D-9778-9271C0D2D58A}.Debug|x86.Build.0 = Debug|Win32
		{220E6DAB-E4FD-494D-9778-9271C0D2D58A}.Release|x64.ActiveCfg = Release|x64
		{220E6DAB-E4FD-494D-9778-9271C0D2D58A}.Release|x64.Build.0 = Release|x64
		{220E6DAB-E4FD-494D-9778-9271C0D2D58A}.Release|x86.ActiveCfg = Release|Win32
		{220E6DAB-E4FD-494D-9778-9271C0D2D58A}.Release|x86.Build.0 = Release|Win32
		{C423D937-F952-4374-AC78-A2DF3D6455F5}.Debug|x64.ActiveCfg = Debug|x64
		{C423D937-F952-4374-AC78-A2DF3D6455F5}.Debug|x64.Build.0 = Debug|x64
		{C423D937-F952-4374-AC78-A2DF3D6455F5}.Debug|x86.ActiveCfg = Debug|Win32
		{C423D937-F952-4374-AC78-A2DF3D6455F5}.Debug|x86.Build.0 = Debug|Win32
		{C423D937-F952-4374-AC78-A2DF3D6455F5}.Release|x64.ActiveCfg = Release|x64
		{C423D937-F952-4374-AC78-A2DF3D6455F5}.Release|x64.Build.0 = Release|x64
		{C423D937-F952-4374-AC78-A2DF3D6455F5}.Release|x86.ActiveCfg = Release|Win32
		{C423D937-F952-4374-AC78-A2DF3D6455F5}.Release|x86.Build.0 = Release|Win32
		{146215F7-26CF-45F8-8B4A-640C45C5C412}.Debug|x64.ActiveCfg = Debug|x64
		{146215F7-26CF-45F8-8B4A-640C45C5C412}.Debug|x64.Build.0 = Debug|x64
		{146215F7-26CF-45F8-8B4A-640C45C5C412}.Debug|x86.ActiveCfg = Debug|Win32
		{146215F7-26CF-45F8-8B4A-640C45C5C412}.Debug|x86.Build.0 = Debug|Win32
		{146215F7-26CF-45F8-8B4A-640C45C5C412}.Release|x64.ActiveCfg = Release|x64
		{146215F7-26CF-45F8-8B4A-640C45C5C412}.Release|x64.Build.0 = Release|x64
		{146215F7-26CF-45F8-8B4A-640C45C5C412}.Release|x86.ActiveCfg = Release|Win32
		{146215F7-26CF-45F8-8B4A-640C45C5C412}.Release|x86.Build.0 = Release|Win32
		{8B721408-F5E9-4411-BC9E-BB0324342EA8}.Debug|x64.ActiveCfg = Debug|x64
		{8B721408-F5E9-4411-BC9E-BB0324342EA8}.Debug|x64.Build.0 = Debug|x64
		{8B721408-F5E9-4411-BC9E-BB0324342EA8}.Debug|x86.ActiveCfg = Debug|Win32
		{8B721408-F5E9-4411-BC9E-BB0324342EA8}.Debug|x86.Build.0 = Debug|Win32
		{8B721408-F5E9-4411-BC9E-BB0324342EA8}.Release|x64.ActiveCfg = Release|x64
		{8B721408-F5E9-4411-BC9E-BB0324342EA8}.Release|x64.Build.0 = Release|x64
		{8B721408-F5E9-4411-BC9E-BB0324342EA8}.Release|x86.ActiveCfg = Release|Win32
		{8B721408-F5E9-4411-BC9E-BB0324342EA8}.Release|x86.Build.0 = Release|Win32
		{8E391319-2D27-4BD3-A905-3D960772FF6F}.Debug|x64.ActiveCfg = Debug|x64
		{8E391319-2D27-4BD3-A905-3D960772FF6F}.Debug|x64.Build.0 = Debug|x64
		{8E391319-2D27-4BD3-A905-3D960772FF6F}.Debug|x86.ActiveCfg = Debug|Win32
		{8E391319-2D27-4BD3-A905-3D960772FF6F}.Debug|x86.Build.0 = Debug|Win32
		{8E391319-2D27-4BD3-A905-3D960772FF6F}.Release|x64.ActiveCfg = Release|x64
		{8E391319-2D27-4BD3-A905-3D960772FF6F}.Release|x64.Build.0 = Release|x64
		{8E391319-2D27-4BD3-A905-3D960772FF6F}.Release|x86.ActiveCfg = Release|Win32
		{8E391319-2D27-4BD3-A905-3D960772FF6F}.Release|x86.Build.0 = Release|Win32
		{A90B6774-D30E-497A-A3D5-63C1B9F7F18B}.Debug|x64.ActiveCfg = Debug|x64
		{A90B6774-D30E-497A-A3D5-63C1B9F7F18B}.Debug|x64.Build.0 = Debug|x64
		{A90B6774-D30E-497A-A3D5-63C1B9F7F18B}.Debug|x86.ActiveCfg = Debug|Win32
		{A90B6774-D30E-497A-A3D5-63C1B9F7F18B}.Debug|x86.Build.0 = Debug|Win32
		{A90B6774-D30E-497A-A3D5-63C1B9F7F18B}.Release|x64.ActiveCfg = Release|x64
		{A90B6774-D30E-497A-A3D5-63C1B9F7F18B}.Release|x64.Build.0 = Release|x64
		{A90B6774-D30E-497A-A3D5-63C1B9F7F18B}.Release|x86.ActiveCfg = Release|Win32
		{A90B6774-D30E-497A-A3D5-63C1B9F7F18B}.Release|x86.Build.0 = Release|Win32
		{21B8F61C-4E3A-4254-A986-A72A072D24BB}.Debug|x64.ActiveCfg = Debug|x64
		{21B8F61C-4E3A-4254-A986-A72A072D24BB}.Debug|x64.Build.0 = Debug|x64
		{21B8F61C-4E3A-4254-A986-A72A072D24BB}.Debug|x86.ActiveCfg = Debug|Win32
		{21B8F61C-4E3A-4254-A986-A72A072D24BB}.Debug|x86.Build.0 = Debug|Win32
		{21B8F61C-4E3A-4254-A986-A72A072D24BB}.Release|x64.ActiveCfg = Release|x64
		{21B8F61C-4E3A-4254-A986-A72A072D24BB}.Release|x64.Build.0 = Release|x64
		{21B8F61C-4E3A-4254-A986-A72A072D24BB}.Release|x86.ActiveCfg = Release|Win32
		{21B8F61C-4E3A-4254-A986-A72A072D24BB}.Release|x86.Build.0 = Release|Win32
		{61534B0F-A4BC-4FBB-BF3E-EF10AB783F8D}.Debug|x64.ActiveCfg = Debug|x64
		{61534B0F-A4BC-4FBB-BF3E-EF10AB783F8D}.Debug|x64.Build.0 = Debug|x64
		{61534B0F-A4BC-4FBB-BF3E-EF10AB783F8D}.Debug|x86.ActiveCfg = Debug|Win32
		{61534B0F-A4BC-4FBB-BF3E-EF10AB783F8D}.Debug|x86.Build.0 = Debug|Win32
		{61534B0F-A4BC-4FBB-BF3E-EF10AB783F8D}.Release|x64.ActiveCfg = Release|x64
		{61534B0F-A4BC-4FBB-BF3E-EF10AB783F8D}.Release|x64.Build.0 = Release|x64
		{61534B0F-A4BC-4FBB-BF3E-EF10AB783F8D}.Release|x86.ActiveCfg = Release|Win32
		{61534B0F-A4BC-4FBB-BF3E-EF10AB783F8D}.Release|x86.Build.0 = Release|Win32
		{286F25D6-3886-40A1-8EEA-40C74A707895}.Debug|x64.ActiveCfg = Debug|x64
		{286F25D6-3886-40A1-8EEA-40C74A707895}.Debug|x64.Build.0 = Debug|x64
		{286F25D6-3886-40A1-8EEA-40C74A707895}.Debug|x86.ActiveCfg = Debug|Win32
		{286F25D6-3886-40A1-8EEA-40C74A707895}.Debug|x86.Build.0 = Debug|Win32
		{286F25D6-3886-40A1-8EEA-40C74A707895}.Release|x64.ActiveCfg = Release|x64
		{286F25D6-3886-40A1-8EEA-40C74A707895}.Release|x64.Build.0 = Release|x64
		{286F25D6-3886-40A1-8EEA-40C74A707895}.Release|x86.ActiveCfg = Release|Win32
		{286F25D6-3886-40A1-8EEA-40C74A707895}.Release|x86.Build.0 = Release|Win32
		{7A719613-1D59-4BED-ABC6-36F1F7C98CB4}.Debug|x64.ActiveCfg = Debug|x64
		{7A719613-1D59-4BED-ABC6-36F1F7C98CB4}.Debug|x64.Build.0 = Debug|x64
		{7A719613-1D59-4BED-ABC6-36F1F7C98CB4}.Debug|x86.ActiveCfg = Debug|Win32
		{7A719613-1D59-4BED-ABC6-36F1F7C98CB4}.Debug|x86.Build.0 = Debug|Win32
		{7A719613-1D59-4BED-ABC6-36F1F7C98CB4}.Release|x64.ActiveCfg = Release|x64
		{7A719613-1D59-4BED-ABC6-36F1F7C98CB4}.Release|x64.Build.0 = Release|x64
		{7A719613-1D59-4BED-ABC6-36F1F7C98CB4}.Release|x86.ActiveCfg = Release|Win32
		{7A719613-1D59-4BED-ABC6-36F1F7C98CB4}.Release|x86.Build.0 = Release|Win32
		{4C392030-F699-4D40-9D4E-CB247F060B37}.Debug|x64.ActiveCfg = Debug|x64
		{4C392030-F699-4D40-9D4E-CB247F060B37}.Debug|x64.Build.0 = Debug|x64
		{4C392030-F699-4D40-9D4E-CB247F060B37}.Debug|x86.ActiveCfg = Debug|Win32
		{4C392030-F699-4D40-9D4E-CB247F060B37}.Debug|x86.Build.0 = Debug|Win32
		{4C392030-F699-4D40-9D4E-CB247F060B37}.Release|x64.ActiveCfg = Release|x64
		{4C392030-F699-4D40-9D4E-CB247F060B37}.Release|x64.Build.0 = Release|x64
		{4C392030-F699-4D40-9D4E-CB247F060B37}.Release|x86.ActiveCfg = Release|Win32
		{4C392030-F699-4D40-9D4E-CB247F060B37}.Release|x86.Build.0 = Release|Win32
		{B28856F4-A42A-4656-B42F-0BD64B886905}.Debug|x64.ActiveCfg = Debug|x64
		{B28856F4-A42A-4656-B42F-0BD64B886905}.Debug|x64.Build.0 = Debug|x64
		{B28856F4-A42A-4656-B42F-0BD64B886905}.Debug|x86.ActiveCfg = Debug|Win32
		{B28856F4-A42A-4656-B42F-0BD64B886905}.Debug|x86.Build.0 = Debug|Win32
		{B28856F4-A42A-4656-B42F-0BD64B886905}.Release|x64.ActiveCfg = Release|x64
		{B28856F4-A42A-4656-B42F-0BD64B886905}.Release|x64.Build.0 = Release|x64
		{B28856F4-A42A-4656-B42F-0BD64B886905}.Release|x86.ActiveCfg = Release|Win32
		{B28856F4-A42A-4656-B42F-0BD64B886905}.Release|x86.Build.0 = Release|Win32
		{9088F510-9089-4BC4-89FC-FCDF770196F8}.Debug|x64.ActiveCfg = Debug|x64
		{9088F510-9089-4BC4-89FC-FCDF770196F8}.Debug|x64.Build.0 = Debug|x64
		{9088F510-9089-4BC4-89FC-FCDF770196F8}.Debug|x86.ActiveCfg = Debug|Win32
		{9088F510-9089-4BC4-89FC-FCDF770196F8}.Debug|x86.Build.0 = Debug|Win32
		{9088F510-9089-4BC4-89FC-FCDF770196F8}.Release|x64.ActiveCfg = Release|x64
		{9088F510-9089-4BC4-89FC-FCDF770196F8}.Release|x64.Build.0 = Release|x64
		{9088F510-9089-4BC4-89FC-FCDF770196F8}.Release|x86.ActiveCfg = Release|Win32
		{9088F510-9089-4BC4-89FC-FCDF770196F8}.Release|x86.Build.0 = Release|Win32
		{11AF7161-2D1B-4E13-9CCC-5C522C99ECCE}.Debug|x64.ActiveCfg = Debug|x64
		{11AF7161-2D1B-4E13-9CCC-5C522C99ECCE}.Debug|x64.Build.0 = Debug|x64
		{11AF7161-2D1B-4E13-9CCC-5C522C99ECCE}.Debug|x86.ActiveCfg = Debug|Win32
		{11AF7161-2D1B-4E13-9CCC-5C522C99ECCE}.Debug|x86.Build.0 = Debug|Win32
		{11AF7161-2D1B-4E13-9CCC-5C522C99ECCE}.Release|x64.ActiveCfg = Release|x64
		{11AF7161-2D1B-4E13-9CCC-5C522C99ECCE}.Release|x64.Build.0 = Release|x64
		{11AF7161-2D1B-4E13-9CCC-5C522C99ECCE}.Release|x86.ActiveCfg = Release|Win32
		{11AF7161-2D1B-4E13-9CCC-5C522C99ECCE}.Release|x86.Build.0 = Release|Win32
		{54B72EDF-6BA5-44E4-8933-382EF7CBE3DD}.Debug|x64.ActiveCfg = Debug|x64
		{54B72EDF-6BA5-44E4-8933-382EF7CBE3DD}.Debug|x64.Build.0 = Debug|x64
		{54B72EDF-6BA5-44E4-8933-382EF7CBE3DD}.Debug|x86.ActiveCfg = Debug|Win32
		{54B72EDF-6BA5-44E4-8933-382EF7CBE3DD}.Debug|x86.Build.0 = Debug|Win32
		{54B72EDF-6BA5-44E4-8933-382EF7CBE3DD}.Release|x64.ActiveCfg = Release|x64
		{54B72EDF-6BA5-44E4-8933-382EF7CBE3DD}.Release|x64.Build.0 = Release|x64
		{54B72EDF-6BA5-44E4-8933-382EF7CBE3DD}.Release|x86.ActiveCfg = Release|Win32
		{54B72EDF-6BA5-44E4-8933-382EF7CBE3DD}.Release|x86.Build.0 = Release|Win32
		{9191E716-F19D-4AE2-B38A-597C7600CB78}.Debug|x64.ActiveCfg = Debug|x64
		{9191E716-F19D-4AE2-B38A-597C7600CB78}.Debug|x64.Build.0 = Debug|x64
		{9191E716-F19D-4AE2-B38A-597C7600CB78}.Debug|x86.ActiveCfg = Debug|Win32
		{9191E716-F19D-4AE2-B38A-597C7600CB78}.Debug|x86.Build.0 = Debug|Win32
		{9191E716-F19D-4AE2-B38A-597C7600CB78}.Release|x64.ActiveCfg = Release|x64
		{9191E716-F19D-4AE2-B38A-597C7600CB78}.Release|x64.Build.0 = Release|x64
		{9191E716-F19D-4AE2-B38A-597C7600CB78}.Release|x86.ActiveCfg = Release|Win32
		{9191E716-F19D-4AE2-B38A-597C7600CB78}.Release|x86.Build.0 = Release|Win32
		{8B47EDF6-7B0F-4463-B5F2-9D47D106E1F4}.Debug|x64.ActiveCfg = Debug|x64
		{8B47EDF6-7B0F-4463-B5F2-9D47D106E1F4}.Debug|x64.Build.0 = Debug|x64
		{8B47EDF6-7B0F-4463-B5F2-9D47D106E1F4}.Debug|x86.ActiveCfg = Debug|Win32
		{8B47EDF6-7B0F-4463-B5F2-9D47D106E1F4}.Debug|x86.Build.0 = Debug|Win32
		{8B47EDF6-7B0F-4463-B5F2-9D47D106E1F4}.Release|x64.ActiveCfg = Release|x64
		{8B47EDF6-7B0F-4463-B5F2-9D47D106E1F4}.Release|x64.Build.0 = Release|x64
		{8B47EDF6-7B0F-4463-B5F2-9D47D106E1F4}.Release|x86.ActiveCfg = Release|Win32
		{8B47EDF6-7B0F-4463-B5F2-9D47D106E1F4}.Release|x86.Build.0 = Release|Win32
		{DB376B1C-C219-474C-AE5E-B18D52FAA5A0}.Debug|x64.ActiveCfg = Debug|x64
		{DB376B1C-C219-474C-AE5E-B18D52FAA5A0}.Debug|x64.Build.0 = Debug|x64
		{DB376B1C-C219-474C-AE5E-B18D52FAA5A0}.Debug|x86.ActiveCfg = Debug|Win32
		{DB376B1C-C219-474C-AE5E-B18D52FAA5A0}.Debug|x86.Build.0 = Debug|Win32
		{DB376B1C-C219-474C-AE5E-B18D52FAA5A0}.Release|x64.ActiveCfg = Release|x64
		{DB376B1C-C219-474C-AE5E-B18D52FAA5A0}.Release|x64.Build.0 = Release|x64
		{DB376B1C-C219-474C-AE5E-B18D52FAA5A0}.Release|x86.ActiveCfg = Release|Win32
		{DB376B1C-C219-474C-AE5E-B18D52FAA5A0}.Release|x86.Build.0 = Release|Win32
		{A32C22CF-7C4B-4D6B-A903-591A16C7419F}.Debug|x64.ActiveCfg = Debug|x64
		{A32C22CF-7C4B-4D6B-A903-591A16C7419F}.Debug|x64.Build.0 = Debug|x64
		{A32C22CF-7C4B-4D6B-A903-591A16C7419F}.Debug|x86.ActiveCfg = Debug|Win32
		{A32C22CF-7C4B-4D6B-A903-591A16C7419F}.Debug|x86.Build.0 = Debug|Win32
		{A32C22CF-7C4B-4D6B-A903-591A16C7419F}.Release|x64.ActiveCfg = Release|x64
		{A32C22CF-7C4B-4D6B-A903-591A16C7419F}.Release|x64.Build.0 = Release|x64
		{A32C22CF-7C4B-4D6B-A903-591A16C7419F}.Release|x86.ActiveCfg = Release|Win32
		{A32C22CF-7C4B-4D6B-A903-591A16C7419F}.Release|x86.Build.0 = Release|Win32
		{B909985F-0C32-4D42-B01F-3CD9B0DC41F6}.Debug|x64.ActiveCfg = Debug|x64
		{B909985F-0C32-4D42-B01F-3CD9B0DC41F6}.Debug|x64.Build.0 = Debug|x64
		{B909985F-0C32-4D42-B01F-3CD9B0DC41F6}.Debug|x86.ActiveCfg = Debug|Win32
		{B909985F-0C32-4D42-B01F-3CD9B0DC41F6}.Debug|x86.Build.0 = Debug|Win32
		{B909985F-0C32-4D42-B01F-3CD9B0DC41F6}.Release|x64.ActiveCfg = Release|x64
		{B909985F-0C32-4D42-B01F-3CD9B0DC41F6}.Release|x64.Build.0 = Release|x64
		{B909985F-0C32-4D42-B01F-3CD9B0DC41F6}.Release|x86.ActiveCfg = Release|Win32
		{B909985F-0C32-4D42-B01F-3CD9B0DC41F6}.Release|x86.Build.0 = Release|Win32
		{2241F242-0BEF-4982-83A4-10B67230DE58}.Debug|x64.ActiveCfg = Debug|x64
		{2241F242-0BEF-4982-83A4-10B67230DE58}.Debug|x64.Build.0 = Debug|x64
		{2241F242-0BEF-4982-83A4-10B67230DE58}.Debug|x86.ActiveCfg = Debug|Win32
		{2241F242-0BEF-4982-83A4-10B67230DE58}.Debug|x86.Build.0 = Debug|Win32
		{2241F242-0BEF-4982-83A4-10B67230DE58}.Release|x64.ActiveCfg = Release|x64
		{2241F242-0BEF-4982-83A4-10B67230DE58}.Release|x64.Build.0 = Release|x64
		{2241F242-0BEF-4982-83A4-10B67230DE58}.Release|x86.ActiveCfg = Release|Win32
		{2241F242-0BEF-4982-83A4-10B67230DE58}.Release|x86.Build.0 = Release|Win32
		{1FAEB586-76E1-4B11-BAD4-83A89C1DB66E}.Debug|x64.ActiveCfg = Debug|x64
		{1FAEB586-76E1-4B11-BAD4-83A89C1DB66E}.Debug|x64.Build.0 = Debug|x64
		{1FAEB586-76E1-4B11-BAD4-83A89C1DB66E}.Debug|x86.ActiveCfg = Debug|Win32
		{1FAEB586-76E1-4B11-BAD4-83A89C1DB66E}.Debug|x86.Build.0 = Debug|Win32
		{1FAEB586-76E1-4B11-BAD4-83A89C1DB66E}.Release|x64.ActiveCfg = Release|x64
		{1FAEB586-76E1-4B11-BAD4-83A89C1DB66E}.Release|x64.Build.0 = Release|x64
		{1FAEB586-76E1-4B11-BAD4-83A89C1DB66E}.Release|x86.ActiveCfg = Release|Win32
		{1FAEB586-76E1-4B11-BAD4-83A89C1DB66E}.Release|x86.Build.0 = Release|Win32
		{7E92842C-043D-463B-BA2F-5C2EADDEB40D}.Debug|x64.ActiveCfg = Debug|x64
		{7E92842C-043D-463B-BA2F-5C2EADDEB40D}.Debug|x64.Build.0 = Debug|x64
		{7E92842C-043D-463B-BA2F-5C2EADDEB40D}.Debug|x86.ActiveCfg = Debug|Win32
		{7E92842C-043D-463B-BA2F-5C2EADDEB40D}.Debug|x86.Build.0 = Debug|Win32
		{7E92842C-043D-463B-BA2F-5C2EADDEB40D}.Release|x64.ActiveCfg = Release|x64
		{7E92842C-043D-463B-BA2F-5C2EADDEB40D}.Release|x64.Build.0 = Release|x64
		{7E92842C-043D-463B-BA2F-5C2EADDEB40D}.Release|x86.ActiveCfg = Release|Win32
		{7E92842C-043D-463B-BA2F-5C2EADDEB40D}.Release|x86.Build.0 = Release|Win32
		{578F2E97-7DCE-497F-8B27-DE6290621AE3}.Debug|x64.ActiveCfg = Debug|x64
		{578F2E97-7DCE-497F-8B27-DE6290621AE3}.Debug|x64.Build.0 = Debug|x64
		{578F2E97-7DCE-497F-8B27-DE6290621AE3}.Debug|x86.ActiveCfg = Debug|Win32
		{578F2E97-7DCE-497F-8B27-DE6290621AE3}.Debug|x86.Build.0 = Debug|Win32
		{578F2E97-7DCE-497F-8B27-DE6290621AE3}.Release|x64.ActiveCfg = Release|x64
		{578F2E97-7DCE-497F-8B27-DE6290621AE3}.Release|x64.Build.0 = Release|x64
		{578F2E97-7DCE-497F-8B27-DE6290621AE3}.Release|x86.ActiveCfg = Release|Win32
		{578F2E97-7DCE-497F-8B27-DE6290621AE3}.Release|x86.Build.0 = Release|Win32
		{BD0A776F-C1E7-4C86-B5D5-F65BD98DF8E3}.Debug|x64.ActiveCfg = Debug|x64
		{BD0A776F-C1E7-4C86-B5D5-F65BD98DF8E3}.Debug|x64.Build.0 = Debug|x64
		{BD0A776F-C1E7-4C86-B5D5-F65BD98DF8E3}.Debug|x86.ActiveCfg = Debug|Win32
		{BD0A776F-C1E7-4C86-B5D5-F65BD98DF8E3}.Debug|x86.Build.0 = Debug|Win32
		{BD0A776F-C1E7-4C86-B5D5-F65BD98DF8E3}.Release|x64.ActiveCfg = Release|x64
		{BD0A776F-C1E7-4C86-B5D5-F65BD98DF8E3}.Release|x64.Build.0 = Release|x64
		{BD0A776F-C1E7-4C86-B5D5-F65BD98DF8E3}.Release|x86.ActiveCfg = Release|Win32
		{BD0A776F-C1E7-4C86-B5D5-F65BD98DF8E3}.Release|x86.Build.0 = Release|Win32
		{E207FAFF-12BE-4C01-8328-F35B9BE15D25}.Debug|x64.ActiveCfg = Debug|x64
		{E207FAFF-12BE-4C01-8328-F35B9BE15D25}.Debug|x64.Build.0 = Debug|x64
		{E207FAFF-12BE-4C01-8328-F35B9BE15D25}.Debug|x86.ActiveCfg = Debug|Win32
		{E207FAFF-12BE-4C01-8328-F35B9BE15D25}.Debug|x86.Build.0 = Debug|Win32
		{E207FAFF-12BE-4C01-8328-F35B9BE15D25}.Release|x64.ActiveCfg = Release|x64
		{E207FAFF-12BE-4C01-8328-F35B9BE15D25}.Release|x64.Build.0 = Release|x64
		{E207FAFF-12BE-4C01-8328-F35B9BE15D25}.Release|x86.ActiveCfg = Release|Win32
		{E207FAFF-12BE-4C01-8328-F35B9BE15D25}.Release|x86.Build.0 = Release|Win32
		{82B83255-2A68-4F11-8591-522C50BF0CD9}.Debug|x64.ActiveCfg = Debug|x64
		{82B83255-2A68-4F11-8591-522C50BF0CD9}.Debug|x64.Build.0 = Debug|x64
		{82B83255-2A68-4F11-8591-522C50BF0CD9}.Debug|x86.ActiveCfg = Debug|Win32
		{82B83255-2A68-4F11-8591-522C50BF0CD9}.Debug|x86.Build.0 = Debug|Win32
		{82B83255-2A68-4F11-8591-522C50BF0CD9}.Release|x64.ActiveCfg = Release|x64
		{82B83255-2A68-4F11-8591-522C50BF0CD9}.Release|x64.Build.0 = Release|x64
		{82B83255-2A68-4F11-8591-522C50BF0CD9}.Release|x86.ActiveCfg = Release|Win32
		{82B83255-2A68-4F11-8591-522C50BF0CD9}.Release|x86.Build.0 = Release|Win32
		{E8D6816D-2EC9-4297-907C-33F1A7B44980}.Debug|x64.ActiveCfg = Debug|x64
		{E8D6816D-2EC9-4297-907C-33F1A7B44980}.Debug|x64.Build.0 = Debug|x64
		{E8D6816D-2EC9-4297-907C-33F1A7B44980}.Debug|x86.ActiveCfg = Debug|Win32
		{E8D6816D-2EC9-4297-907C-33F1A7B44980}.Debug|x86.Build.0 = Debug|Win32
		{E8D6816D-2EC9-4297-907C-33F1A7B44980}.Release|x64.ActiveCfg = Release|x64
		{E8D6816D-2EC9-4297-907C-33F1A7B44980}.Release|x64.Build.0 = Release|x64
		{E8D6816D-2EC9-4297-907C-33F1A7B44980}.Release|x86.ActiveCfg = Release|Win32
		{E8D6816D-2EC9-4297-907C-33F1A7B44980}.Release|x86.Build.0 = Release|Win32
		{021A4561-9F67-4E7E-8A7C-4348F76FD41A}.Debug|x64.ActiveCfg = Debug|x64
		{021A4561-9F67-4E7E-8A7C-4348F76FD41A}.Debug|x64.Build.0 = Debug|x64
		{021A4561-9F67-4E7E-8A7C-4348F76FD41A}.Debug|x86.ActiveCfg = Debug|Win32
		{021A4561-9F67-4E7E-8A7C-4348F76FD41A}.Debug|x86.Build.0 = Debug|Win32
		{021A4561-9F67-4E7E-8A7C-4348F76FD41A}.Release|x64.ActiveCfg = Release|x64
		{021A4561-9F67-4E7E-8A7C-4348F76FD41A}.Release|x64.Build.0 = Release|x64
		{021A4561-9F67-4E7E-8A7C-4348F76FD41A}.Release|x86.ActiveCfg = Release|Win32
		{021A4561-9F67-4E7E-8A7C-4348F76FD41A}.Release|x86.Build.0 = Release|Win32
		{6497F3D7-9088-450B-8C18-72A20018565E}.Debug|x64.ActiveCfg = Debug|x64
		{6497F3D7-9088-450B-8C18-72A20018565E}.Debug|x64.Build.0 = Debug|x64
		{6497F3D7-9088-450B-8C18-72A20018565E}.Debug|x86.ActiveCfg = Debug|Win32
		{6497F3D7-9088-450B-8C18-72A20018565E}.Debug|x86.Build.0 = Debug|Win32
		{6497F3D7-9088-450B-8C18-72A20018565E}.Release|x64.ActiveCfg = Release|x64
		{6497F3D7-9088-450B-8C18-72A20018565E}.Release|x64.Build.0 = Release|x64
		{6497F3D7-9088-450B-8C18-72A20018565E}.Release|x86.ActiveCfg = Release|Win32
		{6497F3D7-9088-450B-8C18-72A20018565E}.Release|x86.Build.0 = Release|Win32
		{EE3B1A16-AB50-4BED-8022-E08F8EE61F7B}.Debug|x64.ActiveCfg = Debug|x64
		{EE3B1A16-AB50-4BED-8022-E08F8EE61F7B}.Debug|x64.Build.0 = Debug|x64
		{EE3B1A16-AB50-4BED-8022-E08F8EE61F7B}.Debug|x86.ActiveCfg = Debug|Win32
		{EE3B1A16-AB50-4BED-8022-E08F8EE61F7B}.Debug|x86.Build.0 = Debug|Win32
		{EE3B1A16-AB50-4BED-8022-E08F8EE61F7B}.Release|x64.ActiveCfg = Release|x64
		{EE3B1A16-AB50-4BED-8022-E08F8EE61F7B}.Release|x64.Build.0 = Release|x64
		{EE3B1A16-AB50-4BED-8022-E08F8EE61F7B}.Release|x86.ActiveCfg = Release|Win32
		{EE3B1A16-AB50-4BED-8022-E08F8EE61F7B}.Release|x86.Build.0 = Release|Win32
		{9EB7911F-3940-478F-840C-54D81A2E9E1A}.Debug|x64.ActiveCfg = Debug|x64
		{9EB7911F-3940-478F-840C-54D81A2E9E1A}.Debug|x64.Build.0 = Debug|x64
		{9EB7911F-3940-478F-840C-54D81A2E9E1A}.Debug|x86.ActiveCfg = Debug|Win32
		{9EB7911F-3940-478F-840C-54D81A2E9E1A}.Debug|x86.Build.0 = Debug|Win32
		{9EB7911F-3940-478F-840C-54D81A2E9E1A}.Release|x64.ActiveCfg = Release|x64
		{9EB7911F-3940-478F-840C-54D81A2E9E1A}.Release|x64.Build.0 = Release|x64
		{9EB7911F-3940-478F-840C-54D81A2E9E1A}.Release|x86.ActiveCfg = Release|Win32
		{9EB7911F-3940-478F-840C-54D81A2E9E1A}.Release|x86.Build.0 = Release|Win32
		{62F44853-7C3E-40BE-8706-CFAA483D675F}.Debug|x64.ActiveCfg = Debug|x64
		{62F44853-7C3E-40BE-8706-CFAA483D675F}.Debug|x64.Build.0 = Debug|x64
		{62F44853-7C3E-40BE-8706-CFAA483D675F}.Debug|x86.ActiveCfg = Debug|Win32
		{62F44853-7C3E-40BE-8706-CFAA483D675F}.Debug|x86.Build.0 = Debug|Win32
		{62F44853-7C3E-40BE-8706-CFAA483D675F}.Release|x64.ActiveCfg = Release|x64
		{62F44853-7C3E-40BE-8706-CFAA483D675F}.Release|x64.Build.0 = Release|x64
		{62F44853-7C3E-40BE-8706-CFAA483D675F}.Release|x86.ActiveCfg = Release|Win32
		{62F44853-7C3E-40BE-8706-CFAA483D675F}.Release|x86.Build.0 = Release|Win32
		{9FAD8C6A-6C5F-4082-B984-462236151001}.Debug|x64.ActiveCfg = Debug|x64
		{9FAD8C6A-6C5F-4082-B984-462236151001}.Debug|x64.Build.0 = Debug|x64
		{9FAD8C6A-6C5F-4082-B984-462236151001}.Debug|x86.ActiveCfg = Debug|Win32
		{9FAD8C6A-6C5F-4082-B984-462236151001}.Debug|x86.Build.0 = Debug|Win32
		{9FAD8C6A-6C5F-4082-B984-462236151001}.Release|x64.ActiveCfg = Release|x64
		{9FAD8C6A-6C5F-4082-B984-462236151001}.Release|x64.Build.0 = Release|x64
		{9FAD8C6A-6C5F-4082-B984-462236151001}.Release|x86.ActiveCfg = Release|Win32
		{9FAD8C6A-6C5F-4082-B984-462236151001}.Release|x86.Build.0 = Release|Win32
		{7F0CBD1A-EBD7-4546-9714-10F9A87E67E6}.Debug|x64.ActiveCfg = Debug|x64
		{7F0CBD1A-EBD7-4546-9714-10F9A87E67E6}.Debug|x64.Build.0 = Debug|x64
		{7F0CBD1A-EBD7-4546-9714-10F9A87E67E6}.Debug|x86.ActiveCfg = Debug|Win32
		{7F0CBD1A-EBD7-4546-9714-10F9A87E67E6}.Debug|x86.Build.0 = Debug|Win32
		{7F0CBD1A-EBD7-4546-9714-10F9A87E67E6}.Release|x64.ActiveCfg = Release|x64
		{7F0CBD1A-EBD7-4546-9714-10F9A87E67E6}.Release|x64.Build.0 = Release|x64
		{7F0CBD1A-EBD7-4546-9714-10F9A87E67E6}.Release|x86.ActiveCfg = Release|Win32
		{7F0CBD1A-EBD7-4546-9714-10F9A87E67E6}.Release|x86.Build.0 = Release|Win32
		{4997D665-0C61-4161-9956-A314F45A7A4F}.Debug|x64.ActiveCfg = Debug|x64
		{4997D665-0C61-4161-9956-A314F45A7A4F}.Debug|x64.Build.0 = Debug|x64
		{4997D665-0C61-4161-9956-A314F45A7A4F}.Debug|x86.ActiveCfg = Debug|Win32
		{4997D665-0C61-4161-9956-A314F45A7A4F}.Debug|x86.Build.0 = Debug|Win32
		{4997D665-0C61-4161-9956-A314F45A7A4F}.Release|x64.ActiveCfg = Release|x64
		{4997D665-0C61-4161-9956-A314F45A7A4F}.Release|x64.Build.0 = Release|x64
		{4997D665-0C61-4161-9956-A314F45A7A4F}.Release|x86.ActiveCfg = Release|Win32
		{4997D665-0C61-4161-9956-A314F45A7A4F}.Release|x86.Build.0 = Release|Win32
		{83215971-19A5-4E76-84BE-57C0150BCB6D}.Debug|x64.ActiveCfg = Debug|x64
		{83215971-19A5-4E76-84BE-57C0150BCB6D}.Debug|x64.Build.0 = Debug|x64
		{83215971-19A5-4E76-84BE-57C0150BCB6D}.Debug|x86.ActiveCfg = Debug|Win32
		{83215971-19A5-4E76-84BE-57C0150BCB6D}.Debug|x86.Build.0 = Debug|Win32
		{83215971-19A5-4E76-84BE-57C0150BCB6D}.Release|x64.ActiveCfg = Release|x64
		{83215971-19A5-4E76-84BE-57C0150BCB6D}.Release|x64.Build.0 = Release|x64
		{83215971-19A5-4E76-84BE-57C0150BCB6D}.Release|x86.ActiveCfg = Release|Win32
		{83215971-19A5-4E76-84BE-57C0150BCB6D}.Release|x86.Build.0 = Release|Win32
		{D1A6836A-BB91-4B42-8A68-86DA99B3C622}.Debug|x64.ActiveCfg = Debug|x64
		{D1A6836A-BB91-4B42-8A68-86DA99B3C622}.Debug|x64.Build.0 = Debug|x64
		{D1A6836A-BB91-4B42-8A68-86DA99B3C622}.Debug|x86.ActiveCfg = Debug|Win32
		{D1A6836A-BB91-4B42-8A68-86DA99B3C622}.Debug|x86.Build.0 = Debug|Win32
		{D1A6836A-BB91-4B42-8A68-86DA99B3C622}.Release|x64.ActiveCfg = Release|x64
		{D1A6836A-BB91-4B42-8A68-86DA99B3C622}.Release|x64.Build.0 = Release|x64
		{D1A6836A-BB91-4B42-8A68-86DA99B3C622}.Release|x86.ActiveCfg = Release|Win32
		{D1A6836A-BB91-4B42-8A68-86DA99B3C622}.Release|x86.Build.0 = Release|Win32
		{C43D2B7C-00A4-4013-81C4-5F8FA700E111}.Debug|x64.ActiveCfg = Debug|x64
		{C43D2B7C-00A4-4013-81C4-5F8FA700E111}.Debug|x64.Build.0 = Debug|x64
		{C43D2B7C-00A4-4013-81C4-5F8FA700E111}.Debug|x86.ActiveCfg = Debug|Win32
		{C43D2B7C-00A4-4013-81C4-5F8FA700E111}.Debug|x86.Build.0 = Debug|Win32
		{C43D2B7C-00A4-4013-81C4-5F8FA700E111}.Release|x64.ActiveCfg = Release|x64
		{C43D2B7C-00A4-4013-81C4-5F8FA700E111}.Release|x64.Build.0 = Release|x64
		{C43D2B7C-00A4-4013-81C4-5F8FA700E111}.Release|x86.ActiveCfg = Release|Win32
		{C43D2B7C-00A4-4013-81C4-5F8FA700E111}.Release|x86.Build.0 = Release|Win32
		{320CDD37-B7B3-4132-9F2E-DF6183BCFDAC}.Debug|x64.ActiveCfg = Debug|x64
		{320CDD37-B7B3-4132-9F2E-DF6183BCFDAC}.Debug|x64.Build.0 = Debug|x64
		{320CDD37-B7B3-4132-9F2E-DF6183BCFDAC}.Debug|x86.ActiveCfg = Debug|Win32
		{320CDD37-B7B3-4132-9F2E-DF6183BCFDAC}.Debug|x86.Build.0 = Debug|Win32
		{320CDD37-B7B3-4132-9F2E-DF6183BCFDAC}.Release|x64.ActiveCfg = Release|x64
		{320CDD37-B7B3-4132-9F2E-DF6183BCFDAC}.Release|x64.Build.0 = Release|x64
		{320CDD37-B7B3-4132-9F2E-DF6183BCFDAC}.Release|x86.ActiveCfg = Release|Win32
		{320CDD37-B7B3-4132-9F2E-DF6183BCFDAC}.Release|x86.Build.0 = Release|Win32
		{61C980BC-D623-4011-83A4-D0EFA16034F3}.Debug|x64.ActiveCfg = Debug|x64
		{61C980BC-D623-4011-83A4-D0EFA16034F3}.Debug|x64.Build.0 = Debug|x64
		{61C980BC-D623-4011-83A4-D0EFA16034F3}.Debug|x86.ActiveCfg = Debug|Win32
		{61C980BC-D623-4011-83A4-D0EFA16034F3}.Debug|x86.Build.0 = Debug|Win32
		{61C980BC-D623-4011-83A4-D0EFA16034F3}.Release|x64.ActiveCfg = Release|x64
		{61C980BC-D623-4011-83A4-D0EFA16034F3}.Release|x64.Build.0 = Release|x64
		{61C980BC-D623-4011-83A4-D0EFA16034F3}.Release|x86.ActiveCfg = Release|Win32
		{61C980BC-D623-4011-83A4-D0EFA16034F3}.Release|x86.Build.0 = Release|Win32
		{50DA8466-3010-4A28-AD9A-B0578152E5E3}.Debug|x64.ActiveCfg = Debug|x64
		{50DA8466-3010-4A28-AD9A-B0578152E5E3}.Debug|x64.Build.0 = Debug|x64
		{50DA8466-3010-4A28-AD9A-B0578152E5E3}.Debug|x86.ActiveCfg = Debug|Win32
		{50DA8466-3010-4A28-AD9A-B0578152E5E3}.Debug|x86.Build.0 = Debug|Win32
		{50DA8466-3010-4A28-AD9A-B0578152E5E3}.Release|x64.ActiveCfg = Release|x64
		{50DA8466-3010-4A28-AD9A-B0578152E5E3}.Release|x64.Build.0 = Release|x64
		{50DA8466-3010-4A28-AD9A-B0578152E5E3}.Release|x86.ActiveCfg = Release|Win32
		{50DA8466-3010-4A28-AD9A-B0578152E5E3}.Release|x86.Build.0 = Release|Win32
		{56D5E676-63E0-4A02-A0A4-A70EC922E735}.Debug|x64.ActiveCfg = Debug|x64
		{56D5E676-63E0-4A02-A0A4-A70EC922E735}.Debug|x64.Build.0 = Debug|x64
		{56D5E676-63E0-4A02-A0A4-A70EC922E735}.Debug|x86.ActiveCfg = Debug|Win32
		{56D5E676-63E0-4A02-A0A4-A70EC922E735}.Debug|x86.Build.0 = Debug|Win32
		{56D5E676-63E0-4A02-A0A4-A70EC922E735}.Release|x64.ActiveCfg = Release|x64
		{56D5E676-63E0-4A02-A0A4-A70EC922E735}.Release|x64.Build.0 = Release|x64
		{56D5E676-63E0-4A02-A0A4-A70EC922E735}.Release|x86.ActiveCfg = Release|Win32
		{56D5E676-63E0-4A02-A0A4-A70EC922E735}.Release|x86.Build.0 = Release|Win32
		{3F09506D-DCC1-4477-80FD-54CA5806A65F}.Debug|x64.ActiveCfg = Debug|x64
		{3F09506D-DCC1-4477-80FD-54CA5806A65F}.Debug|x64.Build.0 = Debug|x64
		{3F09506D-DCC1-4477-80FD-54CA5806A65F}.Debug|x86.ActiveCfg = Debug|Win32
		{3F09506D-DCC1-4477-80FD-54CA5806A65F}.Debug|x86.Build.0 = Debug|Win32
		{3F09506D-DCC1-4477-80FD-54CA5806A65F}.Release|x64.ActiveCfg = Release|x64
		{3F09506D-DCC1-4477-80FD-54CA5806A65F}.Release|x64.Build.0 = Release|x64
		{3F09506D-DCC1-4477-80FD-54CA5806A65F}.Release|x86.ActiveCfg = Release|Win32
		{3F09506D-DCC1-4477-80FD-54CA5806A65F}.Release|x86.Build.0 = Release|Win32
		{18D5DE57-5975-4381-A10C-0B1891526F04}.Debug|x64.ActiveCfg = Debug|x64
		{18D5DE57-5975-4381-A10C-0B1891526F04}.Debug|x64.Build.0 = Debug|x64
		{18D5DE57-5975-4381-A10C-0B1891526F04}.Debug|x86.ActiveCfg = Debug|Win32
		{18D5DE57-5975-4381-A10C-0B1891526F04}.Debug|x86.Build.0 = Debug|Win32
		{18D5DE57-5975-4381-A10C-0B1891526F04}.Release|x64.ActiveCfg = Release|x64
		{18D5DE57-5975-4381-A10C-0B1891526F04}.Release|x64.Build.0 = Release|x64
		{18D5DE57-5975-4381-A10C-0B1891526F04}.Release|x86.ActiveCfg = Release|Win32
		{18D5DE57-5975-4381-A10C-0B1891526F04}.Release|x86.Build.0 = Release|Win32
		{95F04F8C-83E8-4916-BEE5-AF6B60A211AA}.Debug|x64.ActiveCfg = Debug|x64
		{95F04F8C-83E8-4916-BEE5-AF6B60A211AA}.Debug|x64.Build.0 = Debug|x64
		{95F04F8C-83E8-4916-BEE5-AF6B60A211AA}.Debug|x86.ActiveCfg = Debug|Win32
		{95F04F8C-83E8-4916-BEE5-AF6B60A211AA}.Debug|x86.Build.0 = Debug|Win32
		{95F04F8C-83E8-4916-BEE5-AF6B60A211AA}.Release|x64.ActiveCfg = Release|x64
		{95F04F8C-83E8-4916-BEE5-AF6B60A211AA}.Release|x64.Build.0 = Release|x64
		{95F04F8C-83E8-4916-BEE5-AF6B60A211AA}.Release|x86.ActiveCfg = Release|Win32
		{95F04F8C-83E8-4916-BEE5-AF6B60A211AA}.Release|x86.Build.0 = Release|Win32
		{1E57223F-95BB-46BE-9439-37094F7F043F}.Debug|x64.ActiveCfg = Debug|x64
		{1E57223F-95BB-46BE-9439-37094F7F043F}.Debug|x64.Build.0 = Debug|x64
		{1E57223F-95BB-46BE-9439-37094F7F043F}.Debug|x86.ActiveCfg = Debug|Win32
		{1E57223F-95BB-46BE-9439-37094F7F043F}.Debug|x86.Build.0 = Debug|Win32
		{1E57223F-95BB-46BE-9439-37094F7F043F}.Release|x64.ActiveCfg = Release|x64
		{1E57223F-95BB-46BE-9439-37094F7F043F}.Release|x64.Build.0 = Release|x64
		{1E57223F-95BB-46BE-9439-37094F7F043F}.Release|x86.ActiveCfg = Release|Win32
		{1E57223F-95BB-46BE-9439-37094F7F043F}.Release|x86.Build.0 = Release|Win32
		{9DF95D24-D606-4181-868A-128E8552F88A}.Debug|x64.ActiveCfg = Debug|x64
		{9DF95D24-D606-4181-868A-128E8552F88A}.Debug|x64.Build.0 = Debug|x64
		{9DF95D24-D606-4181-868A-128E8552F88A}.Debug|x86.ActiveCfg = Debug|Win32
		{9DF95D24-D606-4181-868A-128E8552F88A}.Debug|x86.Build.0 = Debug|Win32
		{9DF95D24-D606-4181-868A-128E8552F88A}.Release|x64.ActiveCfg = Release|x64
		{9DF95D24-D606-4181-868A-128E8552F88A}.Release|x64.Build.0 = Release|x64
		{9DF95D24-D606-4181-868A-128E8552F88A}.Release|x86.ActiveCfg = Release|Win32
		{9DF95D24-D606-4181-868A-128E8552F88A}.Release|x86.Build.0 = Release|Win32
		{46BF5B27-D6C1-4099-A845-5307F3694B21}.Debug|x64.ActiveCfg = Debug|x64
		{46BF5B27-D6C1-4099-A845-5307F3694B21}.Debug|x64.Build.0 = Debug|x64
		{46BF5B27-D6C1-4099-A845-5307F3694B21}.Debug|x86.ActiveCfg = Debug|Win32
		{46BF5B27-D6C1-4099-A845-5307F3694B21}.Debug|x86.Build.0 = Debug|Win32
		{46BF5B27-D6C1-4099-A845-5307F3694B21}.Release|x64.ActiveCfg = Release|x64
		{46BF5B27-D6C1-4099-A845-5307F3694B21}.Release|x64.Build.0 = Release|x64
		{46BF5B27-D6C1-4099-A845-5307F3694B21}.Release|x86.ActiveCfg = Release|Win32
		{46BF5B27-D6C1-4099-A845-5307F3694B21}.Release|x86.Build.0 = Release|Win32
		{E67D4761-7C4F-4D22-A36D-EFD5BAAC7364}.Debug|x64.ActiveCfg = Debug|x64
		{E67D4761-7C4F-4D22-A36D-EFD5BAAC7364}.Debug|x64.Build.0 = Debug|x64
		{E67D4761-7C4F-4D22-A36D-EFD5BAAC7364}.Debug|x86.ActiveCfg = Debug|Win32
		{E67D4761-7C4F-4D22-A36D-EFD5BAAC7364}.Debug|x86.Build.0 = Debug|Win32
		{E67D4761-7C4F-4D22-A36D-EFD5BAAC7364}.Release|x64.ActiveCfg = Release|x64
		{E67D4761-7C4F-4D22-A36D-EFD5BAAC7364}.Release|x64.Build.0 = Release|x64
		{E67D4761-7C4F-4D22-A36D-EFD5BAAC7364}.Release|x86.ActiveCfg = Release|Win32
		{E67D4761-7C4F-4D22-A36D-EFD5BAAC7364}.Release|x86.Build.0 = Release|Win32
		{7BE22EEB-BEDF-4E3E-B628-EC9246425A74}.Debug|x64.ActiveCfg = Debug|x64
		{7BE22EEB-BEDF-4E3E-B628-EC9246425A74}.Debug|x64.Build.0 = Debug|x64
		{7BE22EEB-BEDF-4E3E-B628-EC9246425A74}.Debug|x86.ActiveCfg = Debug|Win32
		{7BE22EEB-BEDF-4E3E-B628-EC9246425A74}.Debug|x86.Build.0 = Debug|Win32
		{7BE22EEB-BEDF-4E3E-B628-EC9246425A74}.Release|x64.ActiveCfg = Release|x64
		{7BE22EEB-BEDF-4E3E-B628-EC9246425A74}.Release|x64.Build.0 = Release|x64
		{7BE22EEB-BEDF-4E3E-B628-EC9246425A74}.Release|x86.ActiveCfg = Release|Win32
		{7BE22EEB-BEDF-4E3E-B628-EC9246425A74}.Release|x86.Build.0 = Release|Win32
		{869AC939-ADA6-4EC6-BDA2-E63C91011A11}.Debug|x64.ActiveCfg = Debug|x64
		{869AC939-ADA6-4EC6-BDA2-E63C91011A11}.Debug|x64.Build.0 = Debug|x64
		{869AC939-ADA6-4EC6-BDA2-E63C91011A11}.Debug|x86.ActiveCfg = Debug|Win32
		{869AC939-ADA6-4EC6-BDA2-E63C91011A11}.Debug|x86.Build.0 = Debug|Win32
		{869AC939-ADA6-4EC6-BDA2-E63C91011A11}.Release|x64.ActiveCfg = Release|x64
		{869AC939-ADA6-4EC6-BDA2-E63C91011A11}.Release|x64.Build.0 = Release|x64
		{869AC939-ADA6-4EC6-BDA2-E63C91011A11}.Release|x86.ActiveCfg = Release|Win32
		{869AC939-ADA6-4EC6-BDA2-E63C91011A11}.Release|x86.Build.0 = Release|Win32
		{3B5371DB-62E0-4D45-9731-B9E13AB62F80}.Debug|x64.ActiveCfg = Debug|x64
		{3B5371DB-62E0-4D45-9731-B9E13AB62F80}.Debug|x64.Build.0 = Debug|x64
		{3B5371DB-62E0-4D45-9731-B9E13AB62F80}.Debug|x86.ActiveCfg = Debug|Win32
		{3B5371DB-62E0-4D45-9731-B9E13AB62F80}.Debug|x86.Build.0 = Debug|Win32
		{3B5371DB-62E0-4D45-9731-B9E13AB62F80}.Release|x64.ActiveCfg = Release|x64
		{3B5371DB-62E0-4D45-9731-B9E13AB62F80}.Release|x64.Build.0 = Release|x64
		{3B5371DB-62E0-4D45-9731-B9E13AB62F80}.Release|x86.ActiveCfg = Release|Win32
		{3B5371DB-62E0-4D45-9731-B9E13AB62F80}.Release|x86.Build.0 = Release|Win32
		{D1E0F497-E068-4ADB-A07D-71344D0B2BCC}.Debug|x64.ActiveCfg = Debug|x64
		{D1E0F497-E068-4ADB-A07D-71344D0B2BCC}.Debug|x64.Build.0 = Debug|x64
		{D1E0F497-E068-4ADB-A07D-71344D0B2BCC}.Debug|x86.ActiveCfg = Debug|Win32
		{D1E0F497-E068-4ADB-A07D-71344D0B2BCC}.Debug|x86.Build.0 = Debug|Win32
		{D1E0F497-E068-4ADB-A07D-71344D0B2BCC}.Release|x64.ActiveCfg = Release|x64
		{D1E0F497-E068-4ADB-A07D-71344D0B2BCC}.Release|x64.Build.0 = Release|x64
		{D1E0F497-E068-4ADB-A07D-71344D0B2BCC}.Release|x86.ActiveCfg = Release|Win32
		{D1E0F497-E068-4ADB-A07D-71344D0B2BCC}.Release|x86.Build.0 = Release|Win32
		{1969F90F-9A0E-40A6-99C9-2761C56FD369}.Debug|x64.ActiveCfg = Debug|x64
		{1969F90F-9A0E-40A6-99C9-2761C56FD369}.Debug|x64.Build.0 = Debug|x64
		{1969F90F-9A0E-40A6-99C9-2761C56FD369}.Debug|x86.ActiveCfg = Debug|Win32
		{1969F90F-9A0E-40A6-99C9-2761C56FD369}.Debug|x86.Build.0 = Debug|Win32
		{1969F90F-9A0E-40A6-99C9-2761C56FD369}.Release|x64.ActiveCfg = Release|x64
		{1969F90F-9A0E-40A6-99C9-2761C56FD369}.Release|x64.Build.0 = Release|x64
		{1969F90F-9A0E-40A6-99C9-2761C56FD369}.Release|x86.ActiveCfg = Release|Win32
		{1969F90F-9A0E-40A6-99C9-2761C56FD369}.Release|x86.Build.0 = Release|Win32
		{D656FB4F-C9D8-4804-B079-789EDF23A6F6}.Debug|x64.ActiveCfg = Debug|x64
		{D656FB4F-C9D8-4804-B079-789EDF23A6F6}.Debug|x64.Build.0 = Debug|x64
		{D656FB4F-C9D8-4804-B079-789EDF23A6F6}.Debug|x86.ActiveCfg = Debug|Win32
		{D656FB4F-C9D8-4804-B079-789EDF23A6F6}.Debug|x86.Build.0 = Debug|Win32
		{D656FB4F-C9D8-4804-B079-789EDF23A6F6}.Release|x64.ActiveCfg = Release|x64
		{D656FB4F-C9D8-4804-B079-789EDF23A6F6}.Release|x64.Build.0 = Release|x64
		{D656FB4F-C9D8-4804-B079-789EDF23A6F6}.Release|x86.ActiveCfg = Release|Win32
		{D656FB4F-C9D8-4804-B079-789EDF23A6F6}.Release|x86.Build.0 = Release|Win32
		{833BF07B-BC5C-4C96-BD8D-60AB1616A715}.Debug|x64.ActiveCfg = Debug|x64
		{833BF07B-BC5C-4C96-BD8D-60AB1616A715}.Debug|x64.Build.0 = Debug|x64
		{833BF07B-BC5C-4C96-BD8D-60AB1616A715}.Debug|x86.ActiveCfg = Debug|Win32
		{833BF07B-BC5C-4C96-BD8D-60AB1616A715}.Debug|x86.Build.0 = Debug|Win32
		{833BF07B-BC5C-4C96-BD8D-60AB1616A715}.Release|x64.ActiveCfg = Release|x64
		{833BF07B-BC5C-4C96-BD8D-60AB1616A715}.Release|x64.Build.0 = Release|x64
		{833BF07B-BC5C-4C96-BD8D-60AB1616A715}.Release|x86.ActiveCfg = Release|Win32
		{833BF07B-BC5C-4C96-BD8D-60AB1616A715}.Release|x86.Build.0 = Release|Win32
		{6E4EF599-DB29-455F-9F7D-0A48F022BD89}.Debug|x64.ActiveCfg = Debug|x64
		{6E4EF599-DB29-455F-9F7D-0A48F022BD89}.Debug|x64.Build.0 = Debug|x64
		{6E4EF599-DB29-455F-9F7D-0A48F022BD89}.Debug|x86.ActiveCfg = Debug|Win32
		{6E4EF599-DB29-455F-9F7D-0A48F022BD89}.Debug|x86.Build.0 = Debug|Win32
		{6E4EF599-DB29-455F-9F7D-0A48F022BD89}.Release|x64.ActiveCfg = Release|x64
		{6E4EF599-DB29-455F-9F7D-0A48F022BD89}.Release|x64.Build.0 = Release|x64
		{6E4EF599-DB29-455F-9F7D-0A48F022BD89}.Release|x86.ActiveCfg = Release|Win32
		{6E4EF599-DB29-455F-9F7D-0A48F022BD89}.Release|x86.Build.0 = Release|Win32
		{FAD0602F-64A6-4184-B244-215C827C29DC}.Debug|x64.ActiveCfg = Debug|x64
		{FAD0602F-64A6-4184-B244-215C827C29DC}.Debug|x64.Build.0 = Debug|x64
		{FAD0602F-64A6-4184-B244-215C827C29DC}.Debug|x86.ActiveCfg = Debug|Win32
		{FAD0602F-64A6-4184-B244-215C827C29DC}.Debug|x86.Build.0 = Debug|Win32
		{FAD0602F-64A6-4184-B244-215C827C29DC}.Release|x64.ActiveCfg = Release|x64
		{FAD0602F-64A6-4184-B244-215C827C29DC}.Release|x64.Build.0 = Release|x64
		{FAD0602F-64A6-4184-B244-215C827C29DC}.Release|x86.ActiveCfg = Release|Win32
		{FAD0602F-64A6-4184-B244-215C827C29DC}.Release|x86.Build.0 = Release|Win32
		{FA1D1601-7B7D-4C3F-AD47-71AA5F40CD16}.Debug|x64.ActiveCfg = Debug|x64
		{FA1D1601-7B7D-4C3F-AD47-71AA5F40CD16}.Debug|x64.Build.0 = Debug|x64
		{FA1D1601-7B7D-4C3F-AD47-71AA5F40CD16}.Debug|x86.ActiveCfg = Debug|Win32
		{FA1D1601-7B7D-4C3F-AD47-71AA5F40CD16}.Debug|x86.Build.0 = Debug|Win32
		{FA1D1601-7B7D-4C3F-AD47-71AA5F40CD16}.Release|x64.ActiveCfg = Release|x64
		{FA1D1601-7B7D-4C3F-AD47-71AA5F40CD16}.Release|x64.Build.0 = Release|x64
		{FA1D1601-7B7D-4C3F-AD47-71AA5F40CD16}.Release|x86.ActiveCfg = Release|Win32
		{FA1D1601-7B7D-4C3F-AD47-71AA5F40CD16}.Release|x86.Build.0 = Release|Win32
		{2795A100-A045-49B9-80AC-C15B73A66EE5}.Debug|x64.ActiveCfg = Debug|x64
		{2795A100-A045-49B9-80AC-C15B73A66EE5}.Debug|x64.Build.0 = Debug|x64
		{2795A100-A045-49B9-80AC-C15B73A66EE5}.Debug|x86.ActiveCfg = Debug|Win32
		{2795A100-A045-49B9-80AC-C15B73A66EE5}.Debug|x86.Build.0 = Debug|Win32
		{2795A100-A045-49B9-80AC-C15B73A66EE5}.Release|x64.ActiveCfg = Release|x64
		{2795A100-A045-49B9-80AC-C15B73A66EE5}.Release|x64.Build.0 = Release|x64
		{2795A100-A045-49B9-80AC-C15B73A66EE5}.Release|x86.ActiveCfg = Release|Win32
		{2795A100-A045-49B9-80AC-C15B73A66EE5}.Release|x86.Build.0 = Release|Win32
		{5CD0DA01-5606-46AE-9C68-6B930D2505FF}.Debug|x64.ActiveCfg = Debug|x64
		{5CD0DA01-5606-46AE-9C68-6B930D2505FF}.Debug|x64.Build.0 = Debug|x64
		{5CD0DA01-5606-46AE-9C68-6B930D2505FF}.Debug|x86.ActiveCfg = Debug|Win32
		{5CD0DA01-5606-46AE-9C68-6B930D2505FF}.Debug|x86.Build.0 = Debug|Win32
		{5CD0DA01-5606-46AE-9C68-6B930D2505FF}.Release|x64.ActiveCfg = Release|x64
		{5CD0DA01-5606-46AE-9C68-6B930D2505FF}.Release|x64.Build.0 = Release|x64
		{5CD0DA01-5606-46AE-9C68-6B930D2505FF}.Release|x86.ActiveCfg = Release|Win32
		{5CD0DA01-5606-46AE-9C68-6B930D2505FF}.Release|x86.Build.0 = Release|Win32
		{84D6743B-62CB-42D4-8C19-658CD71FAC2B}.Debug|x64.ActiveCfg = Debug|x64
		{84D6743B-62CB-42D4-8C19-658CD71FAC2B}.Debug|x64.Build.0 = Debug|x64
		{84D6743B-62CB-42D4-8C19-658CD71FAC2B}.Debug|x86.ActiveCfg = Debug|Win32
		{84D6743B-62CB-42D4-8C19-658CD71FAC2B}.Debug|x86.Build.0 = Debug|Win32
		{84D6743B-62CB-42D4-8C19-658CD71FAC2B}.Release|x64.ActiveCfg = Release|x64
		{84D6743B-62CB-42D4-8C19-658CD71FAC2B}.Release|x64.Build.0 = Release|x64
		{84D6743B-62CB-42D4-8C19-658CD71FAC2B}.Release|x86.ActiveCfg = Release|Win32
		{84D6743B-62CB-42D4-8C19-658CD71FAC2B}.Release|x86.Build.0 = Release|Win32
		{BECA4661-8E1D-44BC-98FC-5364F1EBF976}.Debug|x64.ActiveCfg = Debug|x64
		{BECA4661-8E1D-44BC-98FC-5364F1EBF976}.Debug|x64.Build.0 = Debug|x64
		{BECA4661-8E1D-44BC-98FC-5364F1EBF976}.Debug|x86.ActiveCfg = Debug|Win32
		{BECA4661-8E1D-44BC-98FC-5364F1EBF976}.Debug|x86.Build.0 = Debug|Win32
		{BECA4661-8E1D-44BC-98FC-5364F1EBF976}.Release|x64.ActiveCfg = Release|x64
		{BECA4661-8E1D-44BC-98FC-5364F1EBF976}.Release|x64.Build.0 = Release|x64
		{BECA4661-8E1D-44BC-98FC-5364F1EBF976}.Release|x86.ActiveCfg = Release|Win32
		{BECA4661-8E1D-44BC-98FC-5364F1EBF976}.Release|x86.Build.0 = Release|Win32
		{2D8D484F-2001-4E86-BF2F-D9D56DB0A772}.Debug|x64.ActiveCfg = Debug|x64
		{2D8D484F-2001-4E86-BF2F-D9D56DB0A772}.Debug|x64.Build.0 = Debug|x64
		{2D8D484F-2001-4E86-BF2F-D9D56DB0A772}.Debug|x86.ActiveCfg = Debug|Win32
		{2D8D484F-2001-4E86-BF2F-D9D56DB0A772}.Debug|x86.Build.0 = Debug|Win32
		{2D8D484F-2001-4E86-BF2F-D9D56DB0A772}.Release|x64.ActiveCfg = Release|x64
		{2D8D484F-2001-4E86-BF2F-D9D56DB0A772}.Release|x64.Build.0 = Release|x64
		{2D8D484F-2001-4E86-BF2F-D9D56DB0A772}.Release|x86.ActiveCfg = Release|Win32
		{2D8D484F-2001-4E86-BF2F-D9D56DB0A772}.Release|x86.Build.0 = Release|Win32
		{2B1C01FD-9DD6-4C93-8E12-B75D18E48AC5}.Debug|x64.ActiveCfg = Debug|x64
		{2B1C01FD-9DD6-4C93-8E12-B75D18E48AC5}.Debug|x64.Build.0 = Debug|x64
		{2B1C01FD-9DD6-4C93-8E12-B75D18E48AC5}.Debug|x86.ActiveCfg = Debug|Win32
		{2B1C01FD-9DD6-4C93-8E12-B75D18E48AC5}.Debug|x86.Build.0 = Debug|Win32
		{2B1C01FD-9DD6-4C93-8E12-B75D18E48AC5}.Release|x64.ActiveCfg = Release|x64
		{2B1C01FD-9DD6-4C93-8E12-B75D18E48AC5}.Release|x64.Build.0 = Release|x64
		{2B1C01FD-9DD6-4C93-8E12-B75D18E48AC5}.Release|x86.ActiveCfg = Release|Win32
		{2B1C01FD-9DD6-4C93-8E12-B75D18E48AC5}.Release|x86.Build.0 = Release|Win32
		{6B3332A4-E158-422F-84E5-577978678AB5}.Debug|x64.ActiveCfg = Debug|x64
		{6B3332A4-E158-422F-84E5-577978678AB5}.Debug|x64.Build.0 = Debug|x64
		{6B3332A4-E158-422F-84E5-577978678AB5}.Debug|x86.ActiveCfg = Debug|Win32
		{6B3332A4-E158-422F-84E5-577978678AB5}.Debug|x86.Build.0 = Debug|Win32
		{6B3332A4-E158-422F-84E5-577978678AB5}.Release|x64.ActiveCfg = Release|x64
		{6B3332A4-E158-422F-84E5-577978678AB5}.Release|x64.Build.0 = Release|x64
		{6B3332A4-E158-422F-84E5-577978678AB5}.Release|x86.ActiveCfg = Release|Win32
		{6B3332A4-E158-422F-84E5-577978678AB5}.Release|x86.Build.0 = Release|Win32
		{C466A83B-EC3A-4406-96DD-B09674098534}.Debug|x64.ActiveCfg = Debug|x64
		{C466A83B-EC3A-4406-96DD-B09674098534}.Debug|x64.Build.0 = Debug|x64
		{C466A83B-EC3A-4406-96DD-B09674098534}.Debug|x86.ActiveCfg = Debug|Win32
		{C466A83B-EC3A-4406-96DD-B09674098534}.Debug|x86.Build.0 = Debug|Win32
		{C466A83B-EC3A-4406-96DD-B09674098534}.Release|x64.ActiveCfg = Release|x64
		{C466A83B-EC3A-4406-96DD-B09674098534}.Release|x64.Build.0 = Release|x64
		{C466A83B-EC3A-4406-96DD-B09674098534}.Release|x86.ActiveCfg = Release|Win32
		{C466A83B-EC3A-4406-96DD-B09674098534}.Release|x86.Build.0 = Release|Win32
		{70B08A27-8C86-488C-9E05-1C6E6E6F185D}.Debug|x64.ActiveCfg = Debug|x64
		{70B08A27-8C86-488C-9E05-1C6E6E6F185D}.Debug|x64.Build.0 = Debug|x64
		{70B08A27-8C86-488C-9E05-1C6E6E6F185D}.Debug|x86.ActiveCfg = Debug|Win32
		{70B08A27-8C86-488C-9E05-1C6E6E6F185D}.Debug|x86.Build.0 = Debug|Win32
		{70B08A27-8C86-488C-9E05-1C6E6E6F185D}.Release|x64.ActiveCfg = Release|x64
		{70B08A27-8C86-488C-9E05-1C6E6E6F185D}.Release|x64.Build.0 = Release|x64
		{70B08A27-8C86-488C-9E05-1C6E6E6F185D}.Release|x86.ActiveCfg = Release|Win32
		{70B08A27-8C86-488C-9E05-1C6E6E6F185D}.Release|x86.Build.0 = Release|Win32
		{0543578E-52D2-49F8-93B7-E5BE817A6EAC}.Debug|x64.ActiveCfg = Debug|x64
		{0543578E-52D2-49F8-93B7-E5BE817A6EAC}.Debug|x64.Build.0 = Debug|x64
		{0543578E-52D2-49F8-93B7-E5BE817A6EAC}.Debug|x86.ActiveCfg = Debug|Win32
		{0543578E-52D2-49F8-93B7-E5BE817A6EAC}.Debug|x86.Build.0 = Debug|Win32
		{0543578E-52D2-49F8-93B7-E5BE817A6EAC}.Release|x64.ActiveCfg = Release|x64
		{0543578E-52D2-49F8-93B7-E5BE817A6EAC}.Release|x64.Build.0 = Release|x64
		{0543578E-52D2-49F8-93B7-E5BE817A6EAC}.Release|x86.ActiveCfg = Release|Win32
		{0543578E-52D2-49F8-93B7-E5BE817A6EAC}.Release|x86.Build.0 = Release|Win32
		{5AB66986-497E-4C66-A00E-AE293B1B2D9F}.Debug|x64.ActiveCfg = Debug|x64
		{5AB66986-497E-4C66-A00E-AE293B1B2D9F}.Debug|x64.Build.0 = Debug|x64
		{5AB66986-497E-4C66-A00E-AE293B1B2D9F}.Debug|x86.ActiveCfg = Debug|Win32
		{5AB66986-497E-4C66-A00E-AE293B1B2D9F}.Debug|x86.Build.0 = Debug|Win32
		{5AB66986-497E-4C66-A00E-AE293B1B2D9F}.Release|x64.ActiveCfg = Release|x64
		{5AB66986-497E-4C66-A00E-AE293B1B2D9F}.Release|x64.Build.0 = Release|x64
		{5AB66986-497E-4C66-A00E-AE293B1B2D9F}.Release|x86.ActiveCfg = Release|Win32
		{5AB66986-497E-4C66-A00E-AE293B1B2D9F}.Release|x86.Build.0 = Release|Win32
		{DBD89D26-824F-4700-95CE-2517BF3F6E0D}.Debug|x64.ActiveCfg = Debug|x64
		{DBD89D26-824F-4700-95CE-2517BF3F6E0D}.Debug|x64.Build.0 = Debug|x64
		{DBD89D26-824F-4700-95CE-2517BF3F6E0D}.Debug|x86.ActiveCfg = Debug|Win32
		{DBD89D26-824F-4700-95CE-2517BF3F6E0D}.Debug|x86.Build.0 = Debug|Win32
		{DBD89D26-824F-4700-95CE-2517BF3F6E0D}.Release|x64.ActiveCfg = Release|x64
		{DBD89D26-824F-4700-95CE-2517BF3F6E0D}.Release|x64.Build.0 = Release|x64
		{DBD89D26-824F-4700-95CE-2517BF3F6E0D}.Release|x86.ActiveCfg = Release|Win32
		{DBD89D26-824F-4700-95CE-2517BF3F6E0D}.Release|x86.Build.0 = Release|Win32
		{21A18ED5-178A-4354-BD2B-008CFF8B1EAF}.Debug|x64.ActiveCfg = Debug|x64
		{21A18ED5-178A-4354-BD2B-008CFF8B1EAF}.Debug|x64.Build.0 = Debug|x64
		{21A18ED5-178A-4354-BD2B-008CFF8B1EAF}.Debug|x86.ActiveCfg = Debug|Win32
		{21A18ED5-178A-4354-BD2B-008CFF8B1EAF}.Debug|x86.Build.0 = Debug|Win32
		{21A18ED5-178A-4354-BD2B-008CFF8B1EAF}.Release|x64.ActiveCfg = Release|x64
		{21A18ED5-178A-4354-BD2B-008CFF8B1EAF}.Release|x64.Build.0 = Release|x64
		{21A18ED5-178A-4354-BD2B-008CFF8B1EAF}.Release|x86.ActiveCfg = Release|Win32
		{21A18ED5-178A-4354-BD2B-008CFF8B1EAF}.Release|x86.Build.0 = Release|Win32
		{224C67D6-8806-4A1A-9C15-DABA356A06A7}.Debug|x64.ActiveCfg = Debug|x64
		{224C67D6-8806-4A1A-9C15-DABA356A06A7}.Debug|x64.Build.0 = Debug|x64
		{224C67D6-8806-4A1A-9C15-DABA356A06A7}.Debug|x86.ActiveCfg = Debug|Win32
		{224C67D6-8806-4A1A-9C15-DABA356A06A7}.Debug|x86.Build.0 = Debug|Win32
		{224C67D6-8806-4A1A-9C15-DABA356A06A7}.Release|x64.ActiveCfg = Release|x64
		{224C67D6-8806-4A1A-9C15-DABA356A06A7}.Release|x64.Build.0 = Release|x64
		{224C67D6-8806-4A1A-9C15-DABA356A06A7}.Release|x86.ActiveCfg = Release|Win32
		{224C67D6-8806-4A1A-9C15-DABA356A06A7}.Release|x86.Build.0 = Release|Win32
		{6A917EEF-1B44-4AF5-B117-8596477DAD58}.Debug|x64.ActiveCfg = Debug|x64
		{6A917EEF-1B44-4AF5-B117-8596477DAD58}.Debug|x64.Build.0 = Debug|x64
		{6A917EEF-1B44-4AF5-B117-8596477DAD58}.Debug|x86.ActiveCfg = Debug|Win32
		{6A917EEF-1B44-4AF5-B117-8596477DAD58}.Debug|x86.Build.0 = Debug|Win32
		{6A917EEF-1B44-4AF5-B117-8596477DAD58}.Release|x64.ActiveCfg = Release|x64
		{6A917EEF-1B44-4AF5-B117-8596477DAD58}.Release|x64.Build.0 = Release|x64
		{6A917EEF-1B44-4AF5-B117-8596477DAD58}.Release|x86.ActiveCfg = Release|Win32
		{6A917EEF-1B44-4AF5-B117-8596477DAD58}.Release|x86.Build.0 = Release|Win32
		{58F4A948-7F61-46DA-93E2-01E575A21D35}.Debug|x64.ActiveCfg = Debug|x64
		{58F4A948-7F61-46DA-93E2-01E575A21D35}.Debug|x64.Build.0 = Debug|x64
		{58F4A948-7F61-46DA-93E2-01E575A21D35}.Debug|x86.ActiveCfg = Debug|Win32
		{58F4A948-7F61-46DA-93E2-01E575A21D35}.Debug|x86.Build.0 = Debug|Win32
		{58F4A948-7F61-46DA-93E2-01E575A21D35}.Release|x64.ActiveCfg = Release|x64
		{58F4A948-7F61-46DA-93E2-01E575A21D35}.Release|x64.Build.0 = Release|x64
		{58F4A948-7F61-46DA-93E2-01E575A21D35}.Release|x86.ActiveCfg = Release|Win32
		{58F4A948-7F61-46DA-93E2-01E575A21D35}.Release|x86.Build.0 = Release|Win32
		{07DEF136-7472-4858-BC62-46FA44DB035E}.Debug|x64.ActiveCfg = Debug|x64
		{07DEF136-7472-4858-BC62-46FA44DB035E}.Debug|x64.Build.0 = Debug|x64
		{07DEF136-7472-4858-BC62-46FA44DB035E}.Debug|x86.ActiveCfg = Debug|Win32
		{07DEF136-7472-4858-BC62-46FA44DB035E}.Debug|x86.Build.0 = Debug|Win32
		{07DEF136-7472-4858-BC62-46FA44DB035E}.Release|x64.ActiveCfg = Release|x64
		{07DEF136-7472-4858-BC62-46FA44DB035E}.Release|x64.Build.0 = Release|x64
		{07DEF136-7472-4858-BC62-46FA44DB035E}.Release|x86.ActiveCfg = Release|Win32
		{07DEF136-7472-4858-BC62-46FA44DB035E}.Release|x86.Build.0 = Release|Win32
		{8806A8DA-B2F8-4E9F-ADAC-BF70D5DDABF7}.Debug|x64.ActiveCfg = Debug|x64
		{8806A8DA-B2F8-4E9F-ADAC-BF70D5DDABF7}.Debug|x64.Build.0 = Debug|x64
		{8806A8DA-B2F8-4E9F-ADAC-BF70D5DDABF7}.Debug|x86.ActiveCfg = Debug|Win32
		{8806A8DA-B2F8-4E9F-ADAC-BF70D5DDABF7}.Debug|x86.Build.0 = Debug|Win32
		{8806A8DA-B2F8-4E9F-ADAC-BF70D5DDABF7}.Release|x64.ActiveCfg = Release|x64
		{8806A8DA-B2F8-4E9F-ADAC-BF70D5DDABF7}.Release|x64.Build.0 = Release|x64
		{8806A8DA-B2F8-4E9F-ADAC-BF70D5DDABF7}.Release|x86.ActiveCfg = Release|Win32
		{8806A8DA-B2F8-4E9F-ADAC-BF70D5DDABF7}.Release|x86.Build.0 = Release|Win32
		{88C28832-65F2-4320-9BA5-CB49DAF45088}.Debug|x64.ActiveCfg = Debug|x64
		{88C28832-65F2-4320-9BA5-CB49DAF45088}.Debug|x64.Build.0 = Debug|x64
		{88C28832-65F2-4320-9BA5-CB49DAF45088}.Debug|x86.ActiveCfg = Debug|Win32
		{88C28832-65F2-4320-9BA5-CB49DAF45088}.Debug|x86.Build.0 = Debug|Win32
		{88C28832-65F2-4320-9BA5-CB49DAF45088}.Release|x64.ActiveCfg = Release|x64
		{88C28832-65F2-4320-9BA5-CB49DAF45088}.Release|x64.Build.0 = Release|x64
		{88C28832-65F2-4320-9BA5-CB49DAF45088}.Release|x86.ActiveCfg = Release|Win32
		{88C28832-65F2-4320-9BA5-CB49DAF45088}.Release|x86.Build.0 = Release|Win32
		{1C1179F6-EDC9-4D40-BC0F-EFD0C1485430}.Debug|x64.ActiveCfg = Debug|x64
		{1C1179F6-EDC9-4D40-BC0F-EFD0C1485430}.Debug|x64.Build.0 = Debug|x64
		{1C1179F6-EDC9-4D40-BC0F-EFD0C1485430}.Debug|x86.ActiveCfg = Debug|Win32
		{1C1179F6-EDC9-4D40-BC0F-EFD0C1485430}.Debug|x86.Build.0 = Debug|Win32
		{1C1179F6-EDC9-4D40-BC0F-EFD0C1485430}.Release|x64.ActiveCfg = Release|x64
		{1C1179F6-EDC9-4D40-BC0F-EFD0C1485430}.Release|x64.Build.0 = Release|x64
		{1C1179F6-EDC9-4D40-BC0F-EFD0C1485430}.Release|x86.ActiveCfg = Release|Win32
		{1C1179F6-EDC9-4D40-BC0F-EFD0C1485430}.Release|x86.Build.0 = Release|Win32
		{C97FCB43-374A-41B6-A6E1-3552ECE54A5A}.Debug|x64.ActiveCfg = Debug|x64
		{C97FCB43-374A-41B6-A6E1-3552ECE54A5A}.Debug|x64.Build.0 = Debug|x64
		{C97FCB43-374A-41B6-A6E1-3552ECE54A5A}.Debug|x86.ActiveCfg = Debug|Win32
		{C97FCB43-374A-41B6-A6E1-3552ECE54A5A}.Debug|x86.Build.0 = Debug|Win32
		{C97FCB43-374A-41B6-A6E1-3552ECE54A5A}.Release|x64.ActiveCfg = Release|x64
		{C97FCB43-374A-41B6-A6E1-3552ECE54A5A}.Release|x64.Build.0 = Release|x64
		{C97FCB43-374A-41B6-A6E1-3552ECE54A5A}.Release|x86.ActiveCfg = Release|Win32
		{C97FCB43-374A-41B6-A6E1-3552ECE54A5A}.Release|x86.Build.0 = Release|Win32
		{C850431F-933A-4383-8982-E6940D3E12D2}.Debug|x64.ActiveCfg = Debug|x64
		{C850431F-933A-4383-8982-E6940D3E12D2}.Debug|x64.Build.0 = Debug|x64
		{C850431F-933A-4383-8982-E6940D3E12D2}.Debug|x86.ActiveCfg = Debug|Win32
		{C850431F-933A-4383-8982-E6940D3E12D2}.Debug|x86.Build.0 = Debug|Win32
		{C850431F-933A-4383-8982-E6940D3E12D2}.Release|x64.ActiveCfg = Release|x64
		{C850431F-933A-4383-8982-E6940D3E12D2}.Release|x64.Build.0 = Release|x64
		{C850431F-933A-4383-8982-E6940D3E12D2}.Release|x86.ActiveCfg = Release|Win32
		{C850431F-933A-4383-8982-E6940D3E12D2}.Release|x86.Build.0 = Release|Win32
		{E5A42362-FA1E-4A95-A657-950BD419E703}.Debug|x64.ActiveCfg = Debug|x64
		{E5A42362-FA1E-4A95-A657-950BD419E703}.Debug|x64.Build.0 = Debug|x64
		{E5A42362-FA1E-4A95-A657-950BD419E703}.Debug|x86.ActiveCfg = Debug|Win32
		{E5A42362-FA1E-4A95-A657-950BD419E703}.Debug|x86.Build.0 = Debug|Win32
		{E5A42362-FA1E-4A95-A657-950BD419E703}.Release|x64.ActiveCfg = Release|x64
		{E5A42362-FA1E-4A95-A657-950BD419E703}.Release|x64.Build.0 = Release|x64
		{E5A42362-FA1E-4A95-A657-950BD419E703}.Release|x86.ActiveCfg = Release|Win32
		{E5A42362-FA1E-4A95-A657-950BD419E703}.Release|x86.Build.0 = Release|Win32
		{447CBA5D-9DDD-4B9C-880B-93D51703AB94}.Debug|x64.ActiveCfg = Debug|x64
		{447CBA5D-9DDD-4B9C-880B-93D51703AB94}.Debug|x64.Build.0 = Debug|x64
		{447CBA5D-9DDD-4B9C-880B-93D51703AB94}.Debug|x86.ActiveCfg = Debug|Win32
		{447CBA5D-9DDD-4B9C-880B-93D51703AB94}.Debug|x86.Build.0 = Debug|Win32
		{447CBA5D-9DDD-4B9C-880B-93D51703AB94}.Release|x64.ActiveCfg = Release|x64
		{447CBA5D-9DDD-4B9C-880B-93D51703AB94}.Release|x64.Build.0 = Release|x64
		{447CBA5D-9DDD-4B9C-880B-93D51703AB94}.Release|x86.ActiveCfg = Release|Win32
		{447CBA5D-9DDD-4B9C-880B-93D51703AB94}.Release|x86.Build.0 = Release|Win32
	EndGlobalSection
	GlobalSection(SolutionProperties) = preSolution
		HideSolutionNode = FALSE
	EndGlobalSection
	GlobalSection(ExtensibilityGlobals) = postSolution
		SolutionGuid = {AE51ED85-FFC8-4175-8FDB-2F2836FC0DA0}
	EndGlobalSection
EndGlobal
