
Microsoft Visual Studio Solution File, Format Version 12.00
# Visual Studio Version 17
VisualStudioVersion = 17.2.32526.322
MinimumVisualStudioVersion = 10.0.40219.1
Project("{8BC9CEB8-8B4A-11D0-8D11-00A0C91BC942}") = "Bai001", "Bai001\Bai001.vcxproj", "{73A58BF2-4478-4C84-8EBD-8EE79ADF33C0}"
EndProject
Project("{8BC9CEB8-8B4A-11D0-8D11-00A0C91BC942}") = "Bai007", "Bai007\Bai007.vcxproj", "{3D8824A7-A190-401D-B3F1-A26FE8ABB097}"
EndProject
Project("{8BC9CEB8-8B4A-11D0-8D11-00A0C91BC942}") = "Bai013", "Bai013\Bai013.vcxproj", "{A4BAC402-910D-4BB8-B715-830C743EF1D8}"
EndProject
Project("{8BC9CEB8-8B4A-11D0-8D11-00A0C91BC942}") = "Bai019", "Bai019\Bai019.vcxproj", "{B1E1A0BC-4F18-4AC3-96EB-BF808943227C}"
EndProject
Project("{8BC9CEB8-8B4A-11D0-8D11-00A0C91BC942}") = "Bai025", "Bai025\Bai025.vcxproj", "{200E5B26-0E38-40EF-A95C-4080C7181DD3}"
EndProject
Project("{8BC9CEB8-8B4A-11D0-8D11-00A0C91BC942}") = "Bai031", "Bai031\Bai031.vcxproj", "{D0271ADE-9B79-4D5D-90F9-A158C70488EF}"
EndProject
Project("{8BC9CEB8-8B4A-11D0-8D11-00A0C91BC942}") = "Bai037", "Bai037\Bai037.vcxproj", "{75FC668A-8663-4F74-BC6C-A93BCF20F5CF}"
EndProject
Project("{8BC9CEB8-8B4A-11D0-8D11-00A0C91BC942}") = "Bai043", "Bai043\Bai043.vcxproj", "{E24A42D4-2476-4635-A5DA-830E3D8887B6}"
EndProject
Project("{8BC9CEB8-8B4A-11D0-8D11-00A0C91BC942}") = "Bai049", "Bai049\Bai049.vcxproj", "{90547B5D-A1C4-4A72-9A63-014721F40E42}"
EndProject
Project("{8BC9CEB8-8B4A-11D0-8D11-00A0C91BC942}") = "Bai055", "Bai055\Bai055.vcxproj", "{1908C51B-DA85-4C06-AA8C-BF139C4E841E}"
EndProject
Project("{8BC9CEB8-8B4A-11D0-8D11-00A0C91BC942}") = "Bai061", "Bai061\Bai061.vcxproj", "{3413FCDF-F07A-4A79-B753-5B0C63A83233}"
EndProject
Project("{8BC9CEB8-8B4A-11D0-8D11-00A0C91BC942}") = "Bai067", "Bai067\Bai067.vcxproj", "{685C029D-FABA-45D6-A31C-AA52ADEA7872}"
EndProject
Project("{8BC9CEB8-8B4A-11D0-8D11-00A0C91BC942}") = "Bai073", "Bai073\Bai073.vcxproj", "{D5B64BFE-BB9A-4573-8E16-2B4C88F927DB}"
EndProject
Project("{8BC9CEB8-8B4A-11D0-8D11-00A0C91BC942}") = "Bai004", "Bai004\Bai004.vcxproj", "{13CB69B2-B1CE-4152-A7FF-884C290C2F45}"
EndProject
Project("{8BC9CEB8-8B4A-11D0-8D11-00A0C91BC942}") = "Bai010", "Bai010\Bai010.vcxproj", "{660E0161-D321-4A13-9606-FFA6F92ACF06}"
EndProject
Project("{8BC9CEB8-8B4A-11D0-8D11-00A0C91BC942}") = "Bai016", "Bai016\Bai016.vcxproj", "{7BFF2512-F35E-4298-B8B8-08D070619ED5}"
EndProject
Project("{8BC9CEB8-8B4A-11D0-8D11-00A0C91BC942}") = "Bai022", "Bai022\Bai022.vcxproj", "{797C3F0C-DCF8-49EE-B134-AD4574C5325C}"
EndProject
Project("{8BC9CEB8-8B4A-11D0-8D11-00A0C91BC942}") = "Bai028", "Bai028\Bai028.vcxproj", "{1F760ED0-0AA7-4356-876F-D1B5A8F7D067}"
EndProject
Project("{8BC9CEB8-8B4A-11D0-8D11-00A0C91BC942}") = "Bai034", "Bai034\Bai034.vcxproj", "{220E6DAB-E4FD-494D-9778-9271C0D2D58A}"
EndProject
Project("{8BC9CEB8-8B4A-11D0-8D11-00A0C91BC942}") = "Bai040", "Bai040\Bai040.vcxproj", "{C423D937-F952-4374-AC78-A2DF3D6455F5}"
EndProject
Project("{8BC9CEB8-8B4A-11D0-8D11-00A0C91BC942}") = "Bai046", "Bai046\Bai046.vcxproj", "{146215F7-26CF-45F8-8B4A-640C45C5C412}"
EndProject
Project("{8BC9CEB8-8B4A-11D0-8D11-00A0C91BC942}") = "Bai052", "Bai052\Bai052.vcxproj", "{8B721408-F5E9-4411-BC9E-BB0324342EA8}"
EndProject
Project("{8BC9CEB8-8B4A-11D0-8D11-00A0C91BC942}") = "Bai058", "Bai058\Bai058.vcxproj", "{8E391319-2D27-4BD3-A905-3D960772FF6F}"
EndProject
Project("{8BC9CEB8-8B4A-11D0-8D11-00A0C91BC942}") = "Bai064", "Bai064\Bai064.vcxproj", "{A90B6774-D30E-497A-A3D5-63C1B9F7F18B}"
EndProject
Project("{8BC9CEB8-8B4A-11D0-8D11-00A0C91BC942}") = "Bai070", "Bai070\Bai070.vcxproj", "{21B8F61C-4E3A-4254-A986-A72A072D24BB}"
EndProject
Project("{8BC9CEB8-8B4A-11D0-8D11-00A0C91BC942}") = "Bai076", "Bai076\Bai076.vcxproj", "{61534B0F-A4BC-4FBB-BF3E-EF10AB783F8D}"
EndProject
Project("{8BC9CEB8-8B4A-11D0-8D11-00A0C91BC942}") = "Bai082", "Bai082\Bai082.vcxproj", "{286F25D6-3886-40A1-8EEA-40C74A707895}"
EndProject
Global
	GlobalSection(SolutionConfigurationPlatforms) = preSolution
		Debug|x64 = Debug|x64
		Debug|x86 = Debug|x86
		Release|x64 = Release|x64
		Release|x86 = Release|x86
	EndGlobalSection
	GlobalSection(ProjectConfigurationPlatforms) = postSolution
		{73A58BF2-4478-4C84-8EBD-8EE79ADF33C0}.Debug|x64.ActiveCfg = Debug|x64
		{73A58BF2-4478-4C84-8EBD-8EE79ADF33C0}.Debug|x64.Build.0 = Debug|x64
		{73A58BF2-4478-4C84-8EBD-8EE79ADF33C0}.Debug|x86.ActiveCfg = Debug|Win32
		{73A58BF2-4478-4C84-8EBD-8EE79ADF33C0}.Debug|x86.Build.0 = Debug|Win32
		{73A58BF2-4478-4C84-8EBD-8EE79ADF33C0}.Release|x64.ActiveCfg = Release|x64
		{73A58BF2-4478-4C84-8EBD-8EE79ADF33C0}.Release|x64.Build.0 = Release|x64
		{73A58BF2-4478-4C84-8EBD-8EE79ADF33C0}.Release|x86.ActiveCfg = Release|Win32
		{73A58BF2-4478-4C84-8EBD-8EE79ADF33C0}.Release|x86.Build.0 = Release|Win32
		{3D8824A7-A190-401D-B3F1-A26FE8ABB097}.Debug|x64.ActiveCfg = Debug|x64
		{3D8824A7-A190-401D-B3F1-A26FE8ABB097}.Debug|x64.Build.0 = Debug|x64
		{3D8824A7-A190-401D-B3F1-A26FE8ABB097}.Debug|x86.ActiveCfg = Debug|Win32
		{3D8824A7-A190-401D-B3F1-A26FE8ABB097}.Debug|x86.Build.0 = Debug|Win32
		{3D8824A7-A190-401D-B3F1-A26FE8ABB097}.Release|x64.ActiveCfg = Release|x64
		{3D8824A7-A190-401D-B3F1-A26FE8ABB097}.Release|x64.Build.0 = Release|x64
		{3D8824A7-A190-401D-B3F1-A26FE8ABB097}.Release|x86.ActiveCfg = Release|Win32
		{3D8824A7-A190-401D-B3F1-A26FE8ABB097}.Release|x86.Build.0 = Release|Win32
		{A4BAC402-910D-4BB8-B715-830C743EF1D8}.Debug|x64.ActiveCfg = Debug|x64
		{A4BAC402-910D-4BB8-B715-830C743EF1D8}.Debug|x64.Build.0 = Debug|x64
		{A4BAC402-910D-4BB8-B715-830C743EF1D8}.Debug|x86.ActiveCfg = Debug|Win32
		{A4BAC402-910D-4BB8-B715-830C743EF1D8}.Debug|x86.Build.0 = Debug|Win32
		{A4BAC402-910D-4BB8-B715-830C743EF1D8}.Release|x64.ActiveCfg = Release|x64
		{A4BAC402-910D-4BB8-B715-830C743EF1D8}.Release|x64.Build.0 = Release|x64
		{A4BAC402-910D-4BB8-B715-830C743EF1D8}.Release|x86.ActiveCfg = Release|Win32
		{A4BAC402-910D-4BB8-B715-830C743EF1D8}.Release|x86.Build.0 = Release|Win32
		{B1E1A0BC-4F18-4AC3-96EB-BF808943227C}.Debug|x64.ActiveCfg = Debug|x64
		{B1E1A0BC-4F18-4AC3-96EB-BF808943227C}.Debug|x64.Build.0 = Debug|x64
		{B1E1A0BC-4F18-4AC3-96EB-BF808943227C}.Debug|x86.ActiveCfg = Debug|Win32
		{B1E1A0BC-4F18-4AC3-96EB-BF808943227C}.Debug|x86.Build.0 = Debug|Win32
		{B1E1A0BC-4F18-4AC3-96EB-BF808943227C}.Release|x64.ActiveCfg = Release|x64
		{B1E1A0BC-4F18-4AC3-96EB-BF808943227C}.Release|x64.Build.0 = Release|x64
		{B1E1A0BC-4F18-4AC3-96EB-BF808943227C}.Release|x86.ActiveCfg = Release|Win32
		{B1E1A0BC-4F18-4AC3-96EB-BF808943227C}.Release|x86.Build.0 = Release|Win32
		{200E5B26-0E38-40EF-A95C-4080C7181DD3}.Debug|x64.ActiveCfg = Debug|x64
		{200E5B26-0E38-40EF-A95C-4080C7181DD3}.Debug|x64.Build.0 = Debug|x64
		{200E5B26-0E38-40EF-A95C-4080C7181DD3}.Debug|x86.ActiveCfg = Debug|Win32
		{200E5B26-0E38-40EF-A95C-4080C7181DD3}.Debug|x86.Build.0 = Debug|Win32
		{200E5B26-0E38-40EF-A95C-4080C7181DD3}.Release|x64.ActiveCfg = Release|x64
		{200E5B26-0E38-40EF-A95C-4080C7181DD3}.Release|x64.Build.0 = Release|x64
		{200E5B26-0E38-40EF-A95C-4080C7181DD3}.Release|x86.ActiveCfg = Release|Win32
		{200E5B26-0E38-40EF-A95C-4080C7181DD3}.Release|x86.Build.0 = Release|Win32
		{D0271ADE-9B79-4D5D-90F9-A158C70488EF}.Debug|x64.ActiveCfg = Debug|x64
		{D0271ADE-9B79-4D5D-90F9-A158C70488EF}.Debug|x64.Build.0 = Debug|x64
		{D0271ADE-9B79-4D5D-90F9-A158C70488EF}.Debug|x86.ActiveCfg = Debug|Win32
		{D0271ADE-9B79-4D5D-90F9-A158C70488EF}.Debug|x86.Build.0 = Debug|Win32
		{D0271ADE-9B79-4D5D-90F9-A158C70488EF}.Release|x64.ActiveCfg = Release|x64
		{D0271ADE-9B79-4D5D-90F9-A158C70488EF}.Release|x64.Build.0 = Release|x64
		{D0271ADE-9B79-4D5D-90F9-A158C70488EF}.Release|x86.ActiveCfg = Release|Win32
		{D0271ADE-9B79-4D5D-90F9-A158C70488EF}.Release|x86.Build.0 = Release|Win32
		{75FC668A-8663-4F74-BC6C-A93BCF20F5CF}.Debug|x64.ActiveCfg = Debug|x64
		{75FC668A-8663-4F74-BC6C-A93BCF20F5CF}.Debug|x64.Build.0 = Debug|x64
		{75FC668A-8663-4F74-BC6C-A93BCF20F5CF}.Debug|x86.ActiveCfg = Debug|Win32
		{75FC668A-8663-4F74-BC6C-A93BCF20F5CF}.Debug|x86.Build.0 = Debug|Win32
		{75FC668A-8663-4F74-BC6C-A93BCF20F5CF}.Release|x64.ActiveCfg = Release|x64
		{75FC668A-8663-4F74-BC6C-A93BCF20F5CF}.Release|x64.Build.0 = Release|x64
		{75FC668A-8663-4F74-BC6C-A93BCF20F5CF}.Release|x86.ActiveCfg = Release|Win32
		{75FC668A-8663-4F74-BC6C-A93BCF20F5CF}.Release|x86.Build.0 = Release|Win32
		{E24A42D4-2476-4635-A5DA-830E3D8887B6}.Debug|x64.ActiveCfg = Debug|x64
		{E24A42D4-2476-4635-A5DA-830E3D8887B6}.Debug|x64.Build.0 = Debug|x64
		{E24A42D4-2476-4635-A5DA-830E3D8887B6}.Debug|x86.ActiveCfg = Debug|Win32
		{E24A42D4-2476-4635-A5DA-830E3D8887B6}.Debug|x86.Build.0 = Debug|Win32
		{E24A42D4-2476-4635-A5DA-830E3D8887B6}.Release|x64.ActiveCfg = Release|x64
		{E24A42D4-2476-4635-A5DA-830E3D8887B6}.Release|x64.Build.0 = Release|x64
		{E24A42D4-2476-4635-A5DA-830E3D8887B6}.Release|x86.ActiveCfg = Release|Win32
		{E24A42D4-2476-4635-A5DA-830E3D8887B6}.Release|x86.Build.0 = Release|Win32
		{90547B5D-A1C4-4A72-9A63-014721F40E42}.Debug|x64.ActiveCfg = Debug|x64
		{90547B5D-A1C4-4A72-9A63-014721F40E42}.Debug|x64.Build.0 = Debug|x64
		{90547B5D-A1C4-4A72-9A63-014721F40E42}.Debug|x86.ActiveCfg = Debug|Win32
		{90547B5D-A1C4-4A72-9A63-014721F40E42}.Debug|x86.Build.0 = Debug|Win32
		{90547B5D-A1C4-4A72-9A63-014721F40E42}.Release|x64.ActiveCfg = Release|x64
		{90547B5D-A1C4-4A72-9A63-014721F40E42}.Release|x64.Build.0 = Release|x64
		{90547B5D-A1C4-4A72-9A63-014721F40E42}.Release|x86.ActiveCfg = Release|Win32
		{90547B5D-A1C4-4A72-9A63-014721F40E42}.Release|x86.Build.0 = Release|Win32
		{1908C51B-DA85-4C06-AA8C-BF139C4E841E}.Debug|x64.ActiveCfg = Debug|x64
		{1908C51B-DA85-4C06-AA8C-BF139C4E841E}.Debug|x64.Build.0 = Debug|x64
		{1908C51B-DA85-4C06-AA8C-BF139C4E841E}.Debug|x86.ActiveCfg = Debug|Win32
		{1908C51B-DA85-4C06-AA8C-BF139C4E841E}.Debug|x86.Build.0 = Debug|Win32
		{1908C51B-DA85-4C06-AA8C-BF139C4E841E}.Release|x64.ActiveCfg = Release|x64
		{1908C51B-DA85-4C06-AA8C-BF139C4E841E}.Release|x64.Build.0 = Release|x64
		{1908C51B-DA85-4C06-AA8C-BF139C4E841E}.Release|x86.ActiveCfg = Release|Win32
		{1908C51B-DA85-4C06-AA8C-BF139C4E841E}.Release|x86.Build.0 = Release|Win32
		{3413FCDF-F07A-4A79-B753-5B0C63A83233}.Debug|x64.ActiveCfg = Debug|x64
		{3413FCDF-F07A-4A79-B753-5B0C63A83233}.Debug|x64.Build.0 = Debug|x64
		{3413FCDF-F07A-4A79-B753-5B0C63A83233}.Debug|x86.ActiveCfg = Debug|Win32
		{3413FCDF-F07A-4A79-B753-5B0C63A83233}.Debug|x86.Build.0 = Debug|Win32
		{3413FCDF-F07A-4A79-B753-5B0C63A83233}.Release|x64.ActiveCfg = Release|x64
		{3413FCDF-F07A-4A79-B753-5B0C63A83233}.Release|x64.Build.0 = Release|x64
		{3413FCDF-F07A-4A79-B753-5B0C63A83233}.Release|x86.ActiveCfg = Release|Win32
		{3413FCDF-F07A-4A79-B753-5B0C63A83233}.Release|x86.Build.0 = Release|Win32
		{685C029D-FABA-45D6-A31C-AA52ADEA7872}.Debug|x64.ActiveCfg = Debug|x64
		{685C029D-FABA-45D6-A31C-AA52ADEA7872}.Debug|x64.Build.0 = Debug|x64
		{685C029D-FABA-45D6-A31C-AA52ADEA7872}.Debug|x86.ActiveCfg = Debug|Win32
		{685C029D-FABA-45D6-A31C-AA52ADEA7872}.Debug|x86.Build.0 = Debug|Win32
		{685C029D-FABA-45D6-A31C-AA52ADEA7872}.Release|x64.ActiveCfg = Release|x64
		{685C029D-FABA-45D6-A31C-AA52ADEA7872}.Release|x64.Build.0 = Release|x64
		{685C029D-FABA-45D6-A31C-AA52ADEA7872}.Release|x86.ActiveCfg = Release|Win32
		{685C029D-FABA-45D6-A31C-AA52ADEA7872}.Release|x86.Build.0 = Release|Win32
		{D5B64BFE-BB9A-4573-8E16-2B4C88F927DB}.Debug|x64.ActiveCfg = Debug|x64
		{D5B64BFE-BB9A-4573-8E16-2B4C88F927DB}.Debug|x64.Build.0 = Debug|x64
		{D5B64BFE-BB9A-4573-8E16-2B4C88F927DB}.Debug|x86.ActiveCfg = Debug|Win32
		{D5B64BFE-BB9A-4573-8E16-2B4C88F927DB}.Debug|x86.Build.0 = Debug|Win32
		{D5B64BFE-BB9A-4573-8E16-2B4C88F927DB}.Release|x64.ActiveCfg = Release|x64
		{D5B64BFE-BB9A-4573-8E16-2B4C88F927DB}.Release|x64.Build.0 = Release|x64
		{D5B64BFE-BB9A-4573-8E16-2B4C88F927DB}.Release|x86.ActiveCfg = Release|Win32
		{D5B64BFE-BB9A-4573-8E16-2B4C88F927DB}.Release|x86.Build.0 = Release|Win32
		{13CB69B2-B1CE-4152-A7FF-884C290C2F45}.Debug|x64.ActiveCfg = Debug|x64
		{13CB69B2-B1CE-4152-A7FF-884C290C2F45}.Debug|x64.Build.0 = Debug|x64
		{13CB69B2-B1CE-4152-A7FF-884C290C2F45}.Debug|x86.ActiveCfg = Debug|Win32
		{13CB69B2-B1CE-4152-A7FF-884C290C2F45}.Debug|x86.Build.0 = Debug|Win32
		{13CB69B2-B1CE-4152-A7FF-884C290C2F45}.Release|x64.ActiveCfg = Release|x64
		{13CB69B2-B1CE-4152-A7FF-884C290C2F45}.Release|x64.Build.0 = Release|x64
		{13CB69B2-B1CE-4152-A7FF-884C290C2F45}.Release|x86.ActiveCfg = Release|Win32
		{13CB69B2-B1CE-4152-A7FF-884C290C2F45}.Release|x86.Build.0 = Release|Win32
		{660E0161-D321-4A13-9606-FFA6F92ACF06}.Debug|x64.ActiveCfg = Debug|x64
		{660E0161-D321-4A13-9606-FFA6F92ACF06}.Debug|x64.Build.0 = Debug|x64
		{660E0161-D321-4A13-9606-FFA6F92ACF06}.Debug|x86.ActiveCfg = Debug|Win32
		{660E0161-D321-4A13-9606-FFA6F92ACF06}.Debug|x86.Build.0 = Debug|Win32
		{660E0161-D321-4A13-9606-FFA6F92ACF06}.Release|x64.ActiveCfg = Release|x64
		{660E0161-D321-4A13-9606-FFA6F92ACF06}.Release|x64.Build.0 = Release|x64
		{660E0161-D321-4A13-9606-FFA6F92ACF06}.Release|x86.ActiveCfg = Release|Win32
		{660E0161-D321-4A13-9606-FFA6F92ACF06}.Release|x86.Build.0 = Release|Win32
		{7BFF2512-F35E-4298-B8B8-08D070619ED5}.Debug|x64.ActiveCfg = Debug|x64
		{7BFF2512-F35E-4298-B8B8-08D070619ED5}.Debug|x64.Build.0 = Debug|x64
		{7BFF2512-F35E-4298-B8B8-08D070619ED5}.Debug|x86.ActiveCfg = Debug|Win32
		{7BFF2512-F35E-4298-B8B8-08D070619ED5}.Debug|x86.Build.0 = Debug|Win32
		{7BFF2512-F35E-4298-B8B8-08D070619ED5}.Release|x64.ActiveCfg = Release|x64
		{7BFF2512-F35E-4298-B8B8-08D070619ED5}.Release|x64.Build.0 = Release|x64
		{7BFF2512-F35E-4298-B8B8-08D070619ED5}.Release|x86.ActiveCfg = Release|Win32
		{7BFF2512-F35E-4298-B8B8-08D070619ED5}.Release|x86.Build.0 = Release|Win32
		{797C3F0C-DCF8-49EE-B134-AD4574C5325C}.Debug|x64.ActiveCfg = Debug|x64
		{797C3F0C-DCF8-49EE-B134-AD4574C5325C}.Debug|x64.Build.0 = Debug|x64
		{797C3F0C-DCF8-49EE-B134-AD4574C5325C}.Debug|x86.ActiveCfg = Debug|Win32
		{797C3F0C-DCF8-49EE-B134-AD4574C5325C}.Debug|x86.Build.0 = Debug|Win32
		{797C3F0C-DCF8-49EE-B134-AD4574C5325C}.Release|x64.ActiveCfg = Release|x64
		{797C3F0C-DCF8-49EE-B134-AD4574C5325C}.Release|x64.Build.0 = Release|x64
		{797C3F0C-DCF8-49EE-B134-AD4574C5325C}.Release|x86.ActiveCfg = Release|Win32
		{797C3F0C-DCF8-49EE-B134-AD4574C5325C}.Release|x86.Build.0 = Release|Win32
		{1F760ED0-0AA7-4356-876F-D1B5A8F7D067}.Debug|x64.ActiveCfg = Debug|x64
		{1F760ED0-0AA7-4356-876F-D1B5A8F7D067}.Debug|x64.Build.0 = Debug|x64
		{1F760ED0-0AA7-4356-876F-D1B5A8F7D067}.Debug|x86.ActiveCfg = Debug|Win32
		{1F760ED0-0AA7-4356-876F-D1B5A8F7D067}.Debug|x86.Build.0 = Debug|Win32
		{1F760ED0-0AA7-4356-876F-D1B5A8F7D067}.Release|x64.ActiveCfg = Release|x64
		{1F760ED0-0AA7-4356-876F-D1B5A8F7D067}.Release|x64.Build.0 = Release|x64
		{1F760ED0-0AA7-4356-876F-D1B5A8F7D067}.Release|x86.ActiveCfg = Release|Win32
		{1F760ED0-0AA7-4356-876F-D1B5A8F7D067}.Release|x86.Build.0 = Release|Win32
		{220E6DAB-E4FD-494D-9778-9271C0D2D58A}.Debug|x64.ActiveCfg = Debug|x64
		{220E6DAB-E4FD-494D-9778-9271C0D2D58A}.Debug|x64.Build.0 = Debug|x64
		{220E6DAB-E4FD-494D-9778-9271C0D2D58A}.Debug|x86.ActiveCfg = Debug|Win32
		{220E6DAB-E4FD-494D-9778-9271C0D2D58A}.Debug|x86.Build.0 = Debug|Win32
		{220E6DAB-E4FD-494D-9778-9271C0D2D58A}.Release|x64.ActiveCfg = Release|x64
		{220E6DAB-E4FD-494D-9778-9271C0D2D58A}.Release|x64.Build.0 = Release|x64
		{220E6DAB-E4FD-494D-9778-9271C0D2D58A}.Release|x86.ActiveCfg = Release|Win32
		{220E6DAB-E4FD-494D-9778-9271C0D2D58A}.Release|x86.Build.0 = Release|Win32
		{C423D937-F952-4374-AC78-A2DF3D6455F5}.Debug|x64.ActiveCfg = Debug|x64
		{C423D937-F952-4374-AC78-A2DF3D6455F5}.Debug|x64.Build.0 = Debug|x64
		{C423D937-F952-4374-AC78-A2DF3D6455F5}.Debug|x86.ActiveCfg = Debug|Win32
		{C423D937-F952-4374-AC78-A2DF3D6455F5}.Debug|x86.Build.0 = Debug|Win32
		{C423D937-F952-4374-AC78-A2DF3D6455F5}.Release|x64.ActiveCfg = Release|x64
		{C423D937-F952-4374-AC78-A2DF3D6455F5}.Release|x64.Build.0 = Release|x64
		{C423D937-F952-4374-AC78-A2DF3D6455F5}.Release|x86.ActiveCfg = Release|Win32
		{C423D937-F952-4374-AC78-A2DF3D6455F5}.Release|x86.Build.0 = Release|Win32
		{146215F7-26CF-45F8-8B4A-640C45C5C412}.Debug|x64.ActiveCfg = Debug|x64
		{146215F7-26CF-45F8-8B4A-640C45C5C412}.Debug|x64.Build.0 = Debug|x64
		{146215F7-26CF-45F8-8B4A-640C45C5C412}.Debug|x86.ActiveCfg = Debug|Win32
		{146215F7-26CF-45F8-8B4A-640C45C5C412}.Debug|x86.Build.0 = Debug|Win32
		{146215F7-26CF-45F8-8B4A-640C45C5C412}.Release|x64.ActiveCfg = Release|x64
		{146215F7-26CF-45F8-8B4A-640C45C5C412}.Release|x64.Build.0 = Release|x64
		{146215F7-26CF-45F8-8B4A-640C45C5C412}.Release|x86.ActiveCfg = Release|Win32
		{146215F7-26CF-45F8-8B4A-640C45C5C412}.Release|x86.Build.0 = Release|Win32
		{8B721408-F5E9-4411-BC9E-BB0324342EA8}.Debug|x64.ActiveCfg = Debug|x64
		{8B721408-F5E9-4411-BC9E-BB0324342EA8}.Debug|x64.Build.0 = Debug|x64
		{8B721408-F5E9-4411-BC9E-BB0324342EA8}.Debug|x86.ActiveCfg = Debug|Win32
		{8B721408-F5E9-4411-BC9E-BB0324342EA8}.Debug|x86.Build.0 = Debug|Win32
		{8B721408-F5E9-4411-BC9E-BB0324342EA8}.Release|x64.ActiveCfg = Release|x64
		{8B721408-F5E9-4411-BC9E-BB0324342EA8}.Release|x64.Build.0 = Release|x64
		{8B721408-F5E9-4411-BC9E-BB0324342EA8}.Release|x86.ActiveCfg = Release|Win32
		{8B721408-F5E9-4411-BC9E-BB0324342EA8}.Release|x86.Build.0 = Release|Win32
		{8E391319-2D27-4BD3-A905-3D960772FF6F}.Debug|x64.ActiveCfg = Debug|x64
		{8E391319-2D27-4BD3-A905-3D960772FF6F}.Debug|x64.Build.0 = Debug|x64
		{8E391319-2D27-4BD3-A905-3D960772FF6F}.Debug|x86.ActiveCfg = Debug|Win32
		{8E391319-2D27-4BD3-A905-3D960772FF6F}.Debug|x86.Build.0 = Debug|Win32
		{8E391319-2D27-4BD3-A905-3D960772FF6F}.Release|x64.ActiveCfg = Release|x64
		{8E391319-2D27-4BD3-A905-3D960772FF6F}.Release|x64.Build.0 = Release|x64
		{8E391319-2D27-4BD3-A905-3D960772FF6F}.Release|x86.ActiveCfg = Release|Win32
		{8E391319-2D27-4BD3-A905-3D960772FF6F}.Release|x86.Build.0 = Release|Win32
		{A90B6774-D30E-497A-A3D5-63C1B9F7F18B}.Debug|x64.ActiveCfg = Debug|x64
		{A90B6774-D30E-497A-A3D5-63C1B9F7F18B}.Debug|x64.Build.0 = Debug|x64
		{A90B6774-D30E-497A-A3D5-63C1B9F7F18B}.Debug|x86.ActiveCfg = Debug|Win32
		{A90B6774-D30E-497A-A3D5-63C1B9F7F18B}.Debug|x86.Build.0 = Debug|Win32
		{A90B6774-D30E-497A-A3D5-63C1B9F7F18B}.Release|x64.ActiveCfg = Release|x64
		{A90B6774-D30E-497A-A3D5-63C1B9F7F18B}.Release|x64.Build.0 = Release|x64
		{A90B6774-D30E-497A-A3D5-63C1B9F7F18B}.Release|x86.ActiveCfg = Release|Win32
		{A90B6774-D30E-497A-A3D5-63C1B9F7F18B}.Release|x86.Build.0 = Release|Win32
		{21B8F61C-4E3A-4254-A986-A72A072D24BB}.Debug|x64.ActiveCfg = Debug|x64
		{21B8F61C-4E3A-4254-A986-A72A072D24BB}.Debug|x64.Build.0 = Debug|x64
		{21B8F61C-4E3A-4254-A986-A72A072D24BB}.Debug|x86.ActiveCfg = Debug|Win32
		{21B8F61C-4E3A-4254-A986-A72A072D24BB}.Debug|x86.Build.0 = Debug|Win32
		{21B8F61C-4E3A-4254-A986-A72A072D24BB}.Release|x64.ActiveCfg = Release|x64
		{21B8F61C-4E3A-4254-A986-A72A072D24BB}.Release|x64.Build.0 = Release|x64
		{21B8F61C-4E3A-4254-A986-A72A072D24BB}.Release|x86.ActiveCfg = Release|Win32
		{21B8F61C-4E3A-4254-A986-A72A072D24BB}.Release|x86.Build.0 = Release|Win32
		{61534B0F-A4BC-4FBB-BF3E-EF10AB783F8D}.Debug|x64.ActiveCfg = Debug|x64
		{61534B0F-A4BC-4FBB-BF3E-EF10AB783F8D}.Debug|x64.Build.0 = Debug|x64
		{61534B0F-A4BC-4FBB-BF3E-EF10AB783F8D}.Debug|x86.ActiveCfg = Debug|Win32
		{61534B0F-A4BC-4FBB-BF3E-EF10AB783F8D}.Debug|x86.Build.0 = Debug|Win32
		{61534B0F-A4BC-4FBB-BF3E-EF10AB783F8D}.Release|x64.ActiveCfg = Release|x64
		{61534B0F-A4BC-4FBB-BF3E-EF10AB783F8D}.Release|x64.Build.0 = Release|x64
		{61534B0F-A4BC-4FBB-BF3E-EF10AB783F8D}.Release|x86.ActiveCfg = Release|Win32
		{61534B0F-A4BC-4FBB-BF3E-EF10AB783F8D}.Release|x86.Build.0 = Release|Win32
		{286F25D6-3886-40A1-8EEA-40C74A707895}.Debug|x64.ActiveCfg = Debug|x64
		{286F25D6-3886-40A1-8EEA-40C74A707895}.Debug|x64.Build.0 = Debug|x64
		{286F25D6-3886-40A1-8EEA-40C74A707895}.Debug|x86.ActiveCfg = Debug|Win32
		{286F25D6-3886-40A1-8EEA-40C74A707895}.Debug|x86.Build.0 = Debug|Win32
		{286F25D6-3886-40A1-8EEA-40C74A707895}.Release|x64.ActiveCfg = Release|x64
		{286F25D6-3886-40A1-8EEA-40C74A707895}.Release|x64.Build.0 = Release|x64
		{286F25D6-3886-40A1-8EEA-40C74A707895}.Release|x86.ActiveCfg = Release|Win32
		{286F25D6-3886-40A1-8EEA-40C74A707895}.Release|x86.Build.0 = Release|Win32
	EndGlobalSection
	GlobalSection(SolutionProperties) = preSolution
		HideSolutionNode = FALSE
	EndGlobalSection
	GlobalSection(ExtensibilityGlobals) = postSolution
		SolutionGuid = {AE51ED85-FFC8-4175-8FDB-2F2836FC0DA0}
	EndGlobalSection
EndGlobal
