
Microsoft Visual Studio Solution File, Format Version 12.00
# Visual Studio Version 17
VisualStudioVersion = 17.2.32526.322
MinimumVisualStudioVersion = 10.0.40219.1
Project("{8BC9CEB8-8B4A-11D0-8D11-00A0C91BC942}") = "Bai001", "Bai001\Bai001.vcxproj", "{73A58BF2-4478-4C84-8EBD-8EE79ADF33C0}"
EndProject
Project("{8BC9CEB8-8B4A-11D0-8D11-00A0C91BC942}") = "Bai007", "Bai007\Bai007.vcxproj", "{3D8824A7-A190-401D-B3F1-A26FE8ABB097}"
EndProject
Project("{8BC9CEB8-8B4A-11D0-8D11-00A0C91BC942}") = "Bai013", "Bai013\Bai013.vcxproj", "{A4BAC402-910D-4BB8-B715-830C743EF1D8}"
EndProject
Project("{8BC9CEB8-8B4A-11D0-8D11-00A0C91BC942}") = "Bai019", "Bai019\Bai019.vcxproj", "{B1E1A0BC-4F18-4AC3-96EB-BF808943227C}"
EndProject
Project("{8BC9CEB8-8B4A-11D0-8D11-00A0C91BC942}") = "Bai025", "Bai025\Bai025.vcxproj", "{200E5B26-0E38-40EF-A95C-4080C7181DD3}"
EndProject
Project("{8BC9CEB8-8B4A-11D0-8D11-00A0C91BC942}") = "Bai031", "Bai031\Bai031.vcxproj", "{D0271ADE-9B79-4D5D-90F9-A158C70488EF}"
EndProject
Project("{8BC9CEB8-8B4A-11D0-8D11-00A0C91BC942}") = "Bai037", "Bai037\Bai037.vcxproj", "{75FC668A-8663-4F74-BC6C-A93BCF20F5CF}"
EndProject
Project("{8BC9CEB8-8B4A-11D0-8D11-00A0C91BC942}") = "Bai043", "Bai043\Bai043.vcxproj", "{E24A42D4-2476-4635-A5DA-830E3D8887B6}"
EndProject
Project("{8BC9CEB8-8B4A-11D0-8D11-00A0C91BC942}") = "Bai049", "Bai049\Bai049.vcxproj", "{90547B5D-A1C4-4A72-9A63-014721F40E42}"
EndProject
Project("{8BC9CEB8-8B4A-11D0-8D11-00A0C91BC942}") = "Bai055", "Bai055\Bai055.vcxproj", "{1908C51B-DA85-4C06-AA8C-BF139C4E841E}"
EndProject
Project("{8BC9CEB8-8B4A-11D0-8D11-00A0C91BC942}") = "Bai061", "Bai061\Bai061.vcxproj", "{3413FCDF-F07A-4A79-B753-5B0C63A83233}"
EndProject
Project("{8BC9CEB8-8B4A-11D0-8D11-00A0C91BC942}") = "Bai067", "Bai067\Bai067.vcxproj", "{685C029D-FABA-45D6-A31C-AA52ADEA7872}"
EndProject
Project("{8BC9CEB8-8B4A-11D0-8D11-00A0C91BC942}") = "Bai073", "Bai073\Bai073.vcxproj", "{D5B64BFE-BB9A-4573-8E16-2B4C88F927DB}"
EndProject
Project("{8BC9CEB8-8B4A-11D0-8D11-00A0C91BC942}") = "Bai004", "Bai004\Bai004.vcxproj", "{768768A2-B06E-427B-BB48-9919969C75CC}"
EndProject
Global
	GlobalSection(SolutionConfigurationPlatforms) = preSolution
		Debug|x64 = Debug|x64
		Debug|x86 = Debug|x86
		Release|x64 = Release|x64
		Release|x86 = Release|x86
	EndGlobalSection
	GlobalSection(ProjectConfigurationPlatforms) = postSolution
		{73A58BF2-4478-4C84-8EBD-8EE79ADF33C0}.Debug|x64.ActiveCfg = Debug|x64
		{73A58BF2-4478-4C84-8EBD-8EE79ADF33C0}.Debug|x64.Build.0 = Debug|x64
		{73A58BF2-4478-4C84-8EBD-8EE79ADF33C0}.Debug|x86.ActiveCfg = Debug|Win32
		{73A58BF2-4478-4C84-8EBD-8EE79ADF33C0}.Debug|x86.Build.0 = Debug|Win32
		{73A58BF2-4478-4C84-8EBD-8EE79ADF33C0}.Release|x64.ActiveCfg = Release|x64
		{73A58BF2-4478-4C84-8EBD-8EE79ADF33C0}.Release|x64.Build.0 = Release|x64
		{73A58BF2-4478-4C84-8EBD-8EE79ADF33C0}.Release|x86.ActiveCfg = Release|Win32
		{73A58BF2-4478-4C84-8EBD-8EE79ADF33C0}.Release|x86.Build.0 = Release|Win32
		{3D8824A7-A190-401D-B3F1-A26FE8ABB097}.Debug|x64.ActiveCfg = Debug|x64
		{3D8824A7-A190-401D-B3F1-A26FE8ABB097}.Debug|x64.Build.0 = Debug|x64
		{3D8824A7-A190-401D-B3F1-A26FE8ABB097}.Debug|x86.ActiveCfg = Debug|Win32
		{3D8824A7-A190-401D-B3F1-A26FE8ABB097}.Debug|x86.Build.0 = Debug|Win32
		{3D8824A7-A190-401D-B3F1-A26FE8ABB097}.Release|x64.ActiveCfg = Release|x64
		{3D8824A7-A190-401D-B3F1-A26FE8ABB097}.Release|x64.Build.0 = Release|x64
		{3D8824A7-A190-401D-B3F1-A26FE8ABB097}.Release|x86.ActiveCfg = Release|Win32
		{3D8824A7-A190-401D-B3F1-A26FE8ABB097}.Release|x86.Build.0 = Release|Win32
		{A4BAC402-910D-4BB8-B715-830C743EF1D8}.Debug|x64.ActiveCfg = Debug|x64
		{A4BAC402-910D-4BB8-B715-830C743EF1D8}.Debug|x64.Build.0 = Debug|x64
		{A4BAC402-910D-4BB8-B715-830C743EF1D8}.Debug|x86.ActiveCfg = Debug|Win32
		{A4BAC402-910D-4BB8-B715-830C743EF1D8}.Debug|x86.Build.0 = Debug|Win32
		{A4BAC402-910D-4BB8-B715-830C743EF1D8}.Release|x64.ActiveCfg = Release|x64
		{A4BAC402-910D-4BB8-B715-830C743EF1D8}.Release|x64.Build.0 = Release|x64
		{A4BAC402-910D-4BB8-B715-830C743EF1D8}.Release|x86.ActiveCfg = Release|Win32
		{A4BAC402-910D-4BB8-B715-830C743EF1D8}.Release|x86.Build.0 = Release|Win32
		{B1E1A0BC-4F18-4AC3-96EB-BF808943227C}.Debug|x64.ActiveCfg = Debug|x64
		{B1E1A0BC-4F18-4AC3-96EB-BF808943227C}.Debug|x64.Build.0 = Debug|x64
		{B1E1A0BC-4F18-4AC3-96EB-BF808943227C}.Debug|x86.ActiveCfg = Debug|Win32
		{B1E1A0BC-4F18-4AC3-96EB-BF808943227C}.Debug|x86.Build.0 = Debug|Win32
		{B1E1A0BC-4F18-4AC3-96EB-BF808943227C}.Release|x64.ActiveCfg = Release|x64
		{B1E1A0BC-4F18-4AC3-96EB-BF808943227C}.Release|x64.Build.0 = Release|x64
		{B1E1A0BC-4F18-4AC3-96EB-BF808943227C}.Release|x86.ActiveCfg = Release|Win32
		{B1E1A0BC-4F18-4AC3-96EB-BF808943227C}.Release|x86.Build.0 = Release|Win32
		{200E5B26-0E38-40EF-A95C-4080C7181DD3}.Debug|x64.ActiveCfg = Debug|x64
		{200E5B26-0E38-40EF-A95C-4080C7181DD3}.Debug|x64.Build.0 = Debug|x64
		{200E5B26-0E38-40EF-A95C-4080C7181DD3}.Debug|x86.ActiveCfg = Debug|Win32
		{200E5B26-0E38-40EF-A95C-4080C7181DD3}.Debug|x86.Build.0 = Debug|Win32
		{200E5B26-0E38-40EF-A95C-4080C7181DD3}.Release|x64.ActiveCfg = Release|x64
		{200E5B26-0E38-40EF-A95C-4080C7181DD3}.Release|x64.Build.0 = Release|x64
		{200E5B26-0E38-40EF-A95C-4080C7181DD3}.Release|x86.ActiveCfg = Release|Win32
		{200E5B26-0E38-40EF-A95C-4080C7181DD3}.Release|x86.Build.0 = Release|Win32
		{D0271ADE-9B79-4D5D-90F9-A158C70488EF}.Debug|x64.ActiveCfg = Debug|x64
		{D0271ADE-9B79-4D5D-90F9-A158C70488EF}.Debug|x64.Build.0 = Debug|x64
		{D0271ADE-9B79-4D5D-90F9-A158C70488EF}.Debug|x86.ActiveCfg = Debug|Win32
		{D0271ADE-9B79-4D5D-90F9-A158C70488EF}.Debug|x86.Build.0 = Debug|Win32
		{D0271ADE-9B79-4D5D-90F9-A158C70488EF}.Release|x64.ActiveCfg = Release|x64
		{D0271ADE-9B79-4D5D-90F9-A158C70488EF}.Release|x64.Build.0 = Release|x64
		{D0271ADE-9B79-4D5D-90F9-A158C70488EF}.Release|x86.ActiveCfg = Release|Win32
		{D0271ADE-9B79-4D5D-90F9-A158C70488EF}.Release|x86.Build.0 = Release|Win32
		{75FC668A-8663-4F74-BC6C-A93BCF20F5CF}.Debug|x64.ActiveCfg = Debug|x64
		{75FC668A-8663-4F74-BC6C-A93BCF20F5CF}.Debug|x64.Build.0 = Debug|x64
		{75FC668A-8663-4F74-BC6C-A93BCF20F5CF}.Debug|x86.ActiveCfg = Debug|Win32
		{75FC668A-8663-4F74-BC6C-A93BCF20F5CF}.Debug|x86.Build.0 = Debug|Win32
		{75FC668A-8663-4F74-BC6C-A93BCF20F5CF}.Release|x64.ActiveCfg = Release|x64
		{75FC668A-8663-4F74-BC6C-A93BCF20F5CF}.Release|x64.Build.0 = Release|x64
		{75FC668A-8663-4F74-BC6C-A93BCF20F5CF}.Release|x86.ActiveCfg = Release|Win32
		{75FC668A-8663-4F74-BC6C-A93BCF20F5CF}.Release|x86.Build.0 = Release|Win32
		{E24A42D4-2476-4635-A5DA-830E3D8887B6}.Debug|x64.ActiveCfg = Debug|x64
		{E24A42D4-2476-4635-A5DA-830E3D8887B6}.Debug|x64.Build.0 = Debug|x64
		{E24A42D4-2476-4635-A5DA-830E3D8887B6}.Debug|x86.ActiveCfg = Debug|Win32
		{E24A42D4-2476-4635-A5DA-830E3D8887B6}.Debug|x86.Build.0 = Debug|Win32
		{E24A42D4-2476-4635-A5DA-830E3D8887B6}.Release|x64.ActiveCfg = Release|x64
		{E24A42D4-2476-4635-A5DA-830E3D8887B6}.Release|x64.Build.0 = Release|x64
		{E24A42D4-2476-4635-A5DA-830E3D8887B6}.Release|x86.ActiveCfg = Release|Win32
		{E24A42D4-2476-4635-A5DA-830E3D8887B6}.Release|x86.Build.0 = Release|Win32
		{90547B5D-A1C4-4A72-9A63-014721F40E42}.Debug|x64.ActiveCfg = Debug|x64
		{90547B5D-A1C4-4A72-9A63-014721F40E42}.Debug|x64.Build.0 = Debug|x64
		{90547B5D-A1C4-4A72-9A63-014721F40E42}.Debug|x86.ActiveCfg = Debug|Win32
		{90547B5D-A1C4-4A72-9A63-014721F40E42}.Debug|x86.Build.0 = Debug|Win32
		{90547B5D-A1C4-4A72-9A63-014721F40E42}.Release|x64.ActiveCfg = Release|x64
		{90547B5D-A1C4-4A72-9A63-014721F40E42}.Release|x64.Build.0 = Release|x64
		{90547B5D-A1C4-4A72-9A63-014721F40E42}.Release|x86.ActiveCfg = Release|Win32
		{90547B5D-A1C4-4A72-9A63-014721F40E42}.Release|x86.Build.0 = Release|Win32
		{1908C51B-DA85-4C06-AA8C-BF139C4E841E}.Debug|x64.ActiveCfg = Debug|x64
		{1908C51B-DA85-4C06-AA8C-BF139C4E841E}.Debug|x64.Build.0 = Debug|x64
		{1908C51B-DA85-4C06-AA8C-BF139C4E841E}.Debug|x86.ActiveCfg = Debug|Win32
		{1908C51B-DA85-4C06-AA8C-BF139C4E841E}.Debug|x86.Build.0 = Debug|Win32
		{1908C51B-DA85-4C06-AA8C-BF139C4E841E}.Release|x64.ActiveCfg = Release|x64
		{1908C51B-DA85-4C06-AA8C-BF139C4E841E}.Release|x64.Build.0 = Release|x64
		{1908C51B-DA85-4C06-AA8C-BF139C4E841E}.Release|x86.ActiveCfg = Release|Win32
		{1908C51B-DA85-4C06-AA8C-BF139C4E841E}.Release|x86.Build.0 = Release|Win32
		{3413FCDF-F07A-4A79-B753-5B0C63A83233}.Debug|x64.ActiveCfg = Debug|x64
		{3413FCDF-F07A-4A79-B753-5B0C63A83233}.Debug|x64.Build.0 = Debug|x64
		{3413FCDF-F07A-4A79-B753-5B0C63A83233}.Debug|x86.ActiveCfg = Debug|Win32
		{3413FCDF-F07A-4A79-B753-5B0C63A83233}.Debug|x86.Build.0 = Debug|Win32
		{3413FCDF-F07A-4A79-B753-5B0C63A83233}.Release|x64.ActiveCfg = Release|x64
		{3413FCDF-F07A-4A79-B753-5B0C63A83233}.Release|x64.Build.0 = Release|x64
		{3413FCDF-F07A-4A79-B753-5B0C63A83233}.Release|x86.ActiveCfg = Release|Win32
		{3413FCDF-F07A-4A79-B753-5B0C63A83233}.Release|x86.Build.0 = Release|Win32
		{685C029D-FABA-45D6-A31C-AA52ADEA7872}.Debug|x64.ActiveCfg = Debug|x64
		{685C029D-FABA-45D6-A31C-AA52ADEA7872}.Debug|x64.Build.0 = Debug|x64
		{685C029D-FABA-45D6-A31C-AA52ADEA7872}.Debug|x86.ActiveCfg = Debug|Win32
		{685C029D-FABA-45D6-A31C-AA52ADEA7872}.Debug|x86.Build.0 = Debug|Win32
		{685C029D-FABA-45D6-A31C-AA52ADEA7872}.Release|x64.ActiveCfg = Release|x64
		{685C029D-FABA-45D6-A31C-AA52ADEA7872}.Release|x64.Build.0 = Release|x64
		{685C029D-FABA-45D6-A31C-AA52ADEA7872}.Release|x86.ActiveCfg = Release|Win32
		{685C029D-FABA-45D6-A31C-AA52ADEA7872}.Release|x86.Build.0 = Release|Win32
		{D5B64BFE-BB9A-4573-8E16-2B4C88F927DB}.Debug|x64.ActiveCfg = Debug|x64
		{D5B64BFE-BB9A-4573-8E16-2B4C88F927DB}.Debug|x64.Build.0 = Debug|x64
		{D5B64BFE-BB9A-4573-8E16-2B4C88F927DB}.Debug|x86.ActiveCfg = Debug|Win32
		{D5B64BFE-BB9A-4573-8E16-2B4C88F927DB}.Debug|x86.Build.0 = Debug|Win32
		{D5B64BFE-BB9A-4573-8E16-2B4C88F927DB}.Release|x64.ActiveCfg = Release|x64
		{D5B64BFE-BB9A-4573-8E16-2B4C88F927DB}.Release|x64.Build.0 = Release|x64
		{D5B64BFE-BB9A-4573-8E16-2B4C88F927DB}.Release|x86.ActiveCfg = Release|Win32
		{D5B64BFE-BB9A-4573-8E16-2B4C88F927DB}.Release|x86.Build.0 = Release|Win32
		{768768A2-B06E-427B-BB48-9919969C75CC}.Debug|x64.ActiveCfg = Debug|x64
		{768768A2-B06E-427B-BB48-9919969C75CC}.Debug|x64.Build.0 = Debug|x64
		{768768A2-B06E-427B-BB48-9919969C75CC}.Debug|x86.ActiveCfg = Debug|Win32
		{768768A2-B06E-427B-BB48-9919969C75CC}.Debug|x86.Build.0 = Debug|Win32
		{768768A2-B06E-427B-BB48-9919969C75CC}.Release|x64.ActiveCfg = Release|x64
		{768768A2-B06E-427B-BB48-9919969C75CC}.Release|x64.Build.0 = Release|x64
		{768768A2-B06E-427B-BB48-9919969C75CC}.Release|x86.ActiveCfg = Release|Win32
		{768768A2-B06E-427B-BB48-9919969C75CC}.Release|x86.Build.0 = Release|Win32
	EndGlobalSection
	GlobalSection(SolutionProperties) = preSolution
		HideSolutionNode = FALSE
	EndGlobalSection
	GlobalSection(ExtensibilityGlobals) = postSolution
		SolutionGuid = {AE51ED85-FFC8-4175-8FDB-2F2836FC0DA0}
	EndGlobalSection
EndGlobal
